<?xml version="1.0" encoding="utf-8"?>
<Project ToolsVersion="4.0" xmlns="http://schemas.microsoft.com/developer/msbuild/2003">
  <ItemGroup>
    <Filter Include="Assets">
      <UniqueIdentifier>{83b6854e-2d60-47e7-a5a7-5629c2689239}</UniqueIdentifier>
      <Extensions>qml;js;qmljs;jpg;png;gif;bmp;ico;amd;wav;mp3;mp4</Extensions>
    </Filter>
    <Filter Include="Config Files">
      <UniqueIdentifier>{ed5a23d0-7147-4829-b87d-93919a0727fa}</UniqueIdentifier>
      <Extensions>pri;pro;mk;properties;project;cproject;xml;xsd;bat;cmd;ps;ps1</Extensions>
    </Filter>
    <Filter Include="Source Files">
      <UniqueIdentifier>{632b71c3-c88c-4f8a-8ea8-9b50167f9768}</UniqueIdentifier>
      <Extensions>cpp;c;cc;cxx;asm;h;hpp;hxx;hm;def;inl;inc</Extensions>
    </Filter>
    <Filter Include="Translations">
      <UniqueIdentifier>{87a43333-6cfb-41a6-a2c6-3a064a484264}</UniqueIdentifier>
      <Extensions>ts;qm</Extensions>
    </Filter>
    <Filter Include="Assets\12ppd">
      <UniqueIdentifier>{e9bb0d6a-87a2-4d3d-ba6d-9cee33fd8ab1}</UniqueIdentifier>
    </Filter>
    <Filter Include="Assets\12ppd\images">
      <UniqueIdentifier>{850ea892-0567-4fac-a69a-f4b234b99f06}</UniqueIdentifier>
    </Filter>
    <Filter Include="Assets\images">
      <UniqueIdentifier>{e46cdc47-feef-4ae2-a880-1a1d30694ddb}</UniqueIdentifier>
    </Filter>
    <Filter Include="Assets\mindw120h120du">
      <UniqueIdentifier>{19ffacb0-b5c1-4d41-bd0c-6b110d0f5585}</UniqueIdentifier>
    </Filter>
    <Filter Include="Assets\mindw76h128du">
      <UniqueIdentifier>{a1de77c9-23b1-40ed-826a-4cda7f6ff9bb}</UniqueIdentifier>
    </Filter>
    <Filter Include="Assets\mindw76h128du\images">
      <UniqueIdentifier>{3a547330-34e8-47ac-95eb-bde469e8926c}</UniqueIdentifier>
    </Filter>
    <Filter Include="Assets\mindw90h160du">
      <UniqueIdentifier>{9e14823d-e293-4756-a8da-cf7c5717aa20}</UniqueIdentifier>
    </Filter>
    <Filter Include="Assets\mindw90h160du\images">
      <UniqueIdentifier>{e6cfc896-5b64-481f-ae34-5e5598c8de9d}</UniqueIdentifier>
    </Filter>
  </ItemGroup>
  <ItemGroup>
    <None Include="bar-descriptor.xml">
      <Filter>Config Files</Filter>
    </None>
    <None Include="config.pri">
      <Filter>Config Files</Filter>
    </None>
    <None Include="helloforeignwindow.pro">
      <Filter>Config Files</Filter>
    </None>
    <None Include="icon.png">
      <Filter>Assets</Filter>
    </None>
    <None Include="icon94.png">
      <Filter>Assets</Filter>
    </None>
    <None Include="LICENSE" />
    <None Include="Makefile" />
    <None Include="readme.txt" />
    <None Include="splash.jpg">
      <Filter>Assets</Filter>
    </None>
    <None Include="splash1280x720.jpg">
      <Filter>Assets</Filter>
    </None>
    <None Include="splash1440x1440.png">
      <Filter>Assets</Filter>
    </None>
    <None Include="splash720x720.jpg">
      <Filter>Assets</Filter>
    </None>
    <None Include="assets\helloforeignwindow.qml">
      <Filter>Assets</Filter>
    </None>
    <None Include="assets\12ppd\images\background.png">
      <Filter>Assets\12ppd\images</Filter>
    </None>
    <None Include="assets\12ppd\images\mascot.png">
      <Filter>Assets\12ppd\images</Filter>
    </None>
    <None Include="assets\12ppd\images\on_effects.png">
      <Filter>Assets\12ppd\images</Filter>
    </None>
    <None Include="assets\12ppd\images\remote.png">
      <Filter>Assets\12ppd\images</Filter>
    </None>
    <None Include="assets\images\background.png">
      <Filter>Assets\images</Filter>
    </None>
    <None Include="assets\images\mascot.png">
      <Filter>Assets\images</Filter>
    </None>
    <None Include="assets\images\on_effects.png">
      <Filter>Assets\images</Filter>
    </None>
    <None Include="assets\images\remote.png">
      <Filter>Assets\images</Filter>
    </None>
    <None Include="assets\mindw120h120du\helloforeignwindow.qml">
      <Filter>Assets\mindw120h120du</Filter>
    </None>
    <None Include="assets\mindw76h128du\helloforeignwindow.qml">
      <Filter>Assets\mindw76h128du</Filter>
    </None>
    <None Include="assets\mindw76h128du\images\background.png">
      <Filter>Assets\mindw76h128du\images</Filter>
    </None>
    <None Include="assets\mindw76h128du\images\on_effects.png">
      <Filter>Assets\mindw76h128du\images</Filter>
    </None>
    <None Include="assets\mindw76h128du\images\remote.png">
      <Filter>Assets\mindw76h128du\images</Filter>
    </None>
    <None Include="assets\mindw90h160du\helloforeignwindow.qml">
      <Filter>Assets\mindw90h160du</Filter>
    </None>
    <None Include="assets\mindw90h160du\images\background.png">
      <Filter>Assets\mindw90h160du\images</Filter>
    </None>
    <None Include="translations\helloforeignwindow.pro">
      <Filter>Translations</Filter>
    </None>
    <None Include="translations\helloforeignwindow.ts">
      <Filter>Translations</Filter>
    </None>
    <None Include="translations\Makefile">
      <Filter>Translations</Filter>
    </None>
  </ItemGroup>
  <ItemGroup>
    <ClInclude Include="precompiled.h">
      <Filter>Source Files</Filter>
    </ClInclude>
    <ClInclude Include="src\helloforeignwindowapp.h">
      <Filter>Source Files</Filter>
    </ClInclude>
  </ItemGroup>
  <ItemGroup>
    <ClCompile Include="src\helloforeignwindowapp.cpp">
      <Filter>Source Files</Filter>
    </ClCompile>
    <ClCompile Include="src\main.cpp">
      <Filter>Source Files</Filter>
    </ClCompile>
  </ItemGroup>
</Project>