<?xml version="1.0" encoding="utf-8"?>
<Project ToolsVersion="4.0" xmlns="http://schemas.microsoft.com/developer/msbuild/2003">
  <ItemGroup>
    <Filter Include="Assets">
      <UniqueIdentifier>{b718d463-76b7-4228-80b6-bfef4355fa31}</UniqueIdentifier>
      <Extensions>qml;js;qmljs;jpg;png;gif;bmp;ico;amd;wav;mp3;mp4</Extensions>
    </Filter>
    <Filter Include="Config Files">
      <UniqueIdentifier>{06b19fb7-fb96-421a-94f4-d6be3f7e2491}</UniqueIdentifier>
      <Extensions>pri;pro;mk;properties;project;cproject;xml;xsd;bat;cmd;ps;ps1</Extensions>
    </Filter>
    <Filter Include="Source Files">
      <UniqueIdentifier>{a217e6c4-f436-48b4-890d-5f7e7fc81fde}</UniqueIdentifier>
      <Extensions>cpp;c;cc;cxx;asm;h;hpp;hxx;hm;def;inl;inc</Extensions>
    </Filter>
    <Filter Include="Translations">
      <UniqueIdentifier>{829d0159-c06b-4b70-8f68-f78772fbc23e}</UniqueIdentifier>
      <Extensions>ts;qm</Extensions>
    </Filter>
    <Filter Include="Assets\images">
      <UniqueIdentifier>{1b9b008d-bad8-4101-a16a-ba65ef120eda}</UniqueIdentifier>
    </Filter>
  </ItemGroup>
  <ItemGroup>
    <None Include="bar-descriptor.xml">
      <Filter>Config Files</Filter>
    </None>
    <None Include="config.pri">
      <Filter>Config Files</Filter>
    </None>
    <None Include="device-assets.xml">
      <Filter>Config Files</Filter>
    </None>
    <None Include="icon.png">
      <Filter>Assets</Filter>
    </None>
    <None Include="LICENSE" />
    <None Include="Makefile" />
    <None Include="notebook.pro">
      <Filter>Config Files</Filter>
    </None>
    <None Include="readme.txt" />
    <None Include="assets\main.qml">
      <Filter>Assets</Filter>
    </None>
    <None Include="assets\NoteEditor.qml">
      <Filter>Assets</Filter>
    </None>
    <None Include="assets\NoteViewer.qml">
      <Filter>Assets</Filter>
    </None>
    <None Include="assets\ViewerField.qml">
      <Filter>Assets</Filter>
    </None>
    <None Include="assets\images\action_addnote.png">
      <Filter>Assets\images</Filter>
    </None>
    <None Include="assets\images\action_editnote.png">
      <Filter>Assets\images</Filter>
    </None>
    <None Include="assets\images\background.png">
      <Filter>Assets\images</Filter>
    </None>
    <None Include="translations\Makefile">
      <Filter>Translations</Filter>
    </None>
    <None Include="translations\notebook.pro">
      <Filter>Translations</Filter>
    </None>
    <None Include="translations\notebook.ts">
      <Filter>Translations</Filter>
    </None>
  </ItemGroup>
  <ItemGroup>
    <ClCompile Include="src\applicationui.cpp">
      <Filter>Source Files</Filter>
    </ClCompile>
    <ClCompile Include="src\main.cpp">
      <Filter>Source Files</Filter>
    </ClCompile>
    <ClCompile Include="src\NoteBook.cpp">
      <Filter>Source Files</Filter>
    </ClCompile>
    <ClCompile Include="src\NoteEditor.cpp">
      <Filter>Source Files</Filter>
    </ClCompile>
    <ClCompile Include="src\NoteViewer.cpp">
      <Filter>Source Files</Filter>
    </ClCompile>
  </ItemGroup>
  <ItemGroup>
    <ClInclude Include="src\applicationui.hpp">
      <Filter>Source Files</Filter>
    </ClInclude>
    <ClInclude Include="src\NoteBook.hpp">
      <Filter>Source Files</Filter>
    </ClInclude>
    <ClInclude Include="src\NoteEditor.hpp">
      <Filter>Source Files</Filter>
    </ClInclude>
    <ClInclude Include="src\NoteViewer.hpp">
      <Filter>Source Files</Filter>
    </ClInclude>
  </ItemGroup>
</Project>