<?xml version="1.0" encoding="utf-8"?>
<Project ToolsVersion="4.0" xmlns="http://schemas.microsoft.com/developer/msbuild/2003">
  <ItemGroup>
    <Filter Include="Assets">
      <UniqueIdentifier>{e9d3abcb-44ae-4208-b0d4-af063359780a}</UniqueIdentifier>
      <Extensions>qml;js;qmljs;jpg;png;gif;bmp;ico;amd;wav;mp3;mp4</Extensions>
    </Filter>
    <Filter Include="Config Files">
      <UniqueIdentifier>{d5e37117-e212-42a9-a9d8-5b297726a872}</UniqueIdentifier>
      <Extensions>pri;pro;mk;properties;project;cproject;xml;xsd;bat;cmd;ps;ps1</Extensions>
    </Filter>
    <Filter Include="Source Files">
      <UniqueIdentifier>{3f992633-4db0-4f23-a820-f9f09a2a896c}</UniqueIdentifier>
      <Extensions>cpp;c;cc;cxx;asm;h;hpp;hxx;hm;def;inl;inc</Extensions>
    </Filter>
    <Filter Include="Translations">
      <UniqueIdentifier>{bd6cd0fe-cab0-46a6-91fa-718f1819c468}</UniqueIdentifier>
      <Extensions>ts;qm</Extensions>
    </Filter>
    <Filter Include="Assets\12ppd">
      <UniqueIdentifier>{c5d92f84-a715-4540-b8d6-8b84121ee8e3}</UniqueIdentifier>
    </Filter>
    <Filter Include="Assets\12ppd\images">
      <UniqueIdentifier>{b41934ba-7e3b-4672-ab41-997ed62a3fe9}</UniqueIdentifier>
    </Filter>
    <Filter Include="Assets\9ppd">
      <UniqueIdentifier>{fb568691-b14c-486e-aabf-0df4844bf8c0}</UniqueIdentifier>
    </Filter>
    <Filter Include="Assets\9ppd\images">
      <UniqueIdentifier>{37f12032-da1b-4019-92bc-a889b355732e}</UniqueIdentifier>
    </Filter>
    <Filter Include="Assets\images">
      <UniqueIdentifier>{f6665abb-4c54-418f-8e6a-de78ad613fc4}</UniqueIdentifier>
    </Filter>
    <Filter Include="Assets\models">
      <UniqueIdentifier>{af6ece4f-f78e-4281-8b08-67eeff5904df}</UniqueIdentifier>
    </Filter>
    <Filter Include="Assets\QuotePage">
      <UniqueIdentifier>{c93592c7-8daf-4b84-8344-636c64176463}</UniqueIdentifier>
    </Filter>
    <Filter Include="Assets\QuotesListPage">
      <UniqueIdentifier>{68c98081-eb97-444e-b8fb-2f895de9179e}</UniqueIdentifier>
    </Filter>
    <Filter Include="Assets\sql">
      <UniqueIdentifier>{baf3d477-dfab-4c7f-85c2-854383a90e55}</UniqueIdentifier>
    </Filter>
  </ItemGroup>
  <ItemGroup>
    <None Include="bar-descriptor.xml">
      <Filter>Config Files</Filter>
    </None>
    <None Include="config.pri">
      <Filter>Config Files</Filter>
    </None>
    <None Include="icon.png">
      <Filter>Assets</Filter>
    </None>
    <None Include="icon94.png">
      <Filter>Assets</Filter>
    </None>
    <None Include="LICENSE" />
    <None Include="Makefile" />
    <None Include="quotes.pro">
      <Filter>Config Files</Filter>
    </None>
    <None Include="readme.txt" />
    <None Include="splashscreen.png">
      <Filter>Assets</Filter>
    </None>
    <None Include="assets\main.qml">
      <Filter>Assets</Filter>
    </None>
    <None Include="assets\12ppd\images\Add.png">
      <Filter>Assets\12ppd\images</Filter>
    </None>
    <None Include="assets\12ppd\images\Edit.png">
      <Filter>Assets\12ppd\images</Filter>
    </None>
    <None Include="assets\9ppd\images\Add.png">
      <Filter>Assets\9ppd\images</Filter>
    </None>
    <None Include="assets\9ppd\images\Edit.png">
      <Filter>Assets\9ppd\images</Filter>
    </None>
    <None Include="assets\images\Add.png">
      <Filter>Assets\images</Filter>
    </None>
    <None Include="assets\images\background.png">
      <Filter>Assets\images</Filter>
    </None>
    <None Include="assets\images\border_bubble.amd">
      <Filter>Assets\images</Filter>
    </None>
    <None Include="assets\images\border_bubble.png">
      <Filter>Assets\images</Filter>
    </None>
    <None Include="assets\images\Edit.png">
      <Filter>Assets\images</Filter>
    </None>
    <None Include="assets\models\quotes.xml">
      <Filter>Assets\models</Filter>
    </None>
    <None Include="assets\QuotePage\EditName.qml">
      <Filter>Assets\QuotePage</Filter>
    </None>
    <None Include="assets\QuotePage\QuoteBubble.qml">
      <Filter>Assets\QuotePage</Filter>
    </None>
    <None Include="assets\QuotePage\QuotePage.qml">
      <Filter>Assets\QuotePage</Filter>
    </None>
    <None Include="assets\QuotesListPage\AddSheet.qml">
      <Filter>Assets\QuotesListPage</Filter>
    </None>
    <None Include="assets\QuotesListPage\QuotesListPage.qml">
      <Filter>Assets\QuotesListPage</Filter>
    </None>
    <None Include="assets\QuotesListPage\QuotesModel.qml">
      <Filter>Assets\QuotesListPage</Filter>
    </None>
    <None Include="assets\sql\quotes.db">
      <Filter>Assets\sql</Filter>
    </None>
    <None Include="translations\Makefile">
      <Filter>Translations</Filter>
    </None>
    <None Include="translations\quotes.pro">
      <Filter>Translations</Filter>
    </None>
    <None Include="translations\quotes.ts">
      <Filter>Translations</Filter>
    </None>
  </ItemGroup>
  <ItemGroup>
    <ClInclude Include="precompiled.h">
      <Filter>Source Files</Filter>
    </ClInclude>
    <ClInclude Include="src\customsqldatasource.h">
      <Filter>Source Files</Filter>
    </ClInclude>
    <ClInclude Include="src\quotesapp.h">
      <Filter>Source Files</Filter>
    </ClInclude>
  </ItemGroup>
  <ItemGroup>
    <ClCompile Include="src\customsqldatasource.cpp">
      <Filter>Source Files</Filter>
    </ClCompile>
    <ClCompile Include="src\main.cpp">
      <Filter>Source Files</Filter>
    </ClCompile>
    <ClCompile Include="src\quotesapp.cpp">
      <Filter>Source Files</Filter>
    </ClCompile>
  </ItemGroup>
</Project>