<?xml version="1.0" encoding="utf-8"?>
<Project ToolsVersion="4.0" xmlns="http://schemas.microsoft.com/developer/msbuild/2003">
  <ItemGroup>
    <Filter Include="Assets">
      <UniqueIdentifier>{b08eec24-c75d-4e34-85dd-b32cfc9182ac}</UniqueIdentifier>
      <Extensions>qml;js;qmljs;jpg;png;gif;bmp;ico;amd;wav;mp3;mp4</Extensions>
    </Filter>
    <Filter Include="Config Files">
      <UniqueIdentifier>{e557a4e0-5fdd-45f3-a711-fd37b5a77b0d}</UniqueIdentifier>
      <Extensions>pri;pro;mk;properties;project;cproject;xml;xsd;bat;cmd;ps;ps1</Extensions>
    </Filter>
    <Filter Include="Source Files">
      <UniqueIdentifier>{7caf2155-49a8-4291-abca-aaf01a5c74a4}</UniqueIdentifier>
      <Extensions>cpp;c;cc;cxx;asm;h;hpp;hxx;hm;def;inl;inc</Extensions>
    </Filter>
    <Filter Include="Translations">
      <UniqueIdentifier>{380db6f5-7b8f-4c0b-8402-af4d0a769186}</UniqueIdentifier>
      <Extensions>ts;qm</Extensions>
    </Filter>
    <Filter Include="Assets\720x720">
      <UniqueIdentifier>{f1b0fa0b-9994-475f-9136-a01d8b180c8e}</UniqueIdentifier>
    </Filter>
    <Filter Include="Assets\720x720\images">
      <UniqueIdentifier>{9a401114-46f2-4474-a991-d4e1a0cb7b0b}</UniqueIdentifier>
    </Filter>
    <Filter Include="Assets\720x720\images\bombers">
      <UniqueIdentifier>{6103ee7e-a28e-4b60-93ef-d8779b143526}</UniqueIdentifier>
    </Filter>
    <Filter Include="Assets\images">
      <UniqueIdentifier>{0f3cfc89-c4c3-408b-8870-8cc6394a34ad}</UniqueIdentifier>
    </Filter>
    <Filter Include="Assets\images\bombers">
      <UniqueIdentifier>{ddd06325-09d3-45af-b5df-e35005c80d7f}</UniqueIdentifier>
    </Filter>
  </ItemGroup>
  <ItemGroup>
    <None Include="bar-descriptor.xml">
      <Filter>Config Files</Filter>
    </None>
    <None Include="config.pri">
      <Filter>Config Files</Filter>
    </None>
    <None Include="device-assets.xml">
      <Filter>Config Files</Filter>
    </None>
    <None Include="icon.png">
      <Filter>Assets</Filter>
    </None>
    <None Include="icon94.png">
      <Filter>Assets</Filter>
    </None>
    <None Include="LICENSE" />
    <None Include="Makefile" />
    <None Include="photobomber.pro">
      <Filter>Config Files</Filter>
    </None>
    <None Include="readme.txt" />
    <None Include="assets\main.qml">
      <Filter>Assets</Filter>
    </None>
    <None Include="assets\720x720\images\bombers\cat.png">
      <Filter>Assets\720x720\images\bombers</Filter>
    </None>
    <None Include="assets\720x720\images\bombers\cow.png">
      <Filter>Assets\720x720\images\bombers</Filter>
    </None>
    <None Include="assets\720x720\images\bombers\crow.png">
      <Filter>Assets\720x720\images\bombers</Filter>
    </None>
    <None Include="assets\720x720\images\bombers\dog_1.png">
      <Filter>Assets\720x720\images\bombers</Filter>
    </None>
    <None Include="assets\720x720\images\bombers\dog_2.png">
      <Filter>Assets\720x720\images\bombers</Filter>
    </None>
    <None Include="assets\720x720\images\bombers\larsenby.png">
      <Filter>Assets\720x720\images\bombers</Filter>
    </None>
    <None Include="assets\720x720\images\bombers\pair.png">
      <Filter>Assets\720x720\images\bombers</Filter>
    </None>
    <None Include="assets\720x720\images\bombers\seagull.png">
      <Filter>Assets\720x720\images\bombers</Filter>
    </None>
    <None Include="assets\720x720\images\bombers\snail.png">
      <Filter>Assets\720x720\images\bombers</Filter>
    </None>
    <None Include="assets\images\settings_pressed.png">
      <Filter>Assets\images</Filter>
    </None>
    <None Include="assets\images\settings_unpressed.png">
      <Filter>Assets\images</Filter>
    </None>
    <None Include="assets\images\bombers\cat.png">
      <Filter>Assets\images\bombers</Filter>
    </None>
    <None Include="assets\images\bombers\cow.png">
      <Filter>Assets\images\bombers</Filter>
    </None>
    <None Include="assets\images\bombers\crow.png">
      <Filter>Assets\images\bombers</Filter>
    </None>
    <None Include="assets\images\bombers\dog_1.png">
      <Filter>Assets\images\bombers</Filter>
    </None>
    <None Include="assets\images\bombers\dog_2.png">
      <Filter>Assets\images\bombers</Filter>
    </None>
    <None Include="assets\images\bombers\larsenby.png">
      <Filter>Assets\images\bombers</Filter>
    </None>
    <None Include="assets\images\bombers\pair.png">
      <Filter>Assets\images\bombers</Filter>
    </None>
    <None Include="assets\images\bombers\seagull.png">
      <Filter>Assets\images\bombers</Filter>
    </None>
    <None Include="assets\images\bombers\snail.png">
      <Filter>Assets\images\bombers</Filter>
    </None>
    <None Include="translations\Makefile">
      <Filter>Translations</Filter>
    </None>
    <None Include="translations\photobomber.pro">
      <Filter>Translations</Filter>
    </None>
    <None Include="translations\photobomber.ts">
      <Filter>Translations</Filter>
    </None>
    <None Include="translations\photobomber_de.ts">
      <Filter>Translations</Filter>
    </None>
    <None Include="translations\photobomber_en_GB.ts">
      <Filter>Translations</Filter>
    </None>
    <None Include="translations\photobomber_es.ts">
      <Filter>Translations</Filter>
    </None>
    <None Include="translations\photobomber_fr.ts">
      <Filter>Translations</Filter>
    </None>
    <None Include="translations\photobomber_it.ts">
      <Filter>Translations</Filter>
    </None>
  </ItemGroup>
  <ItemGroup>
    <ClInclude Include="precompiled.h">
      <Filter>Source Files</Filter>
    </ClInclude>
    <ClInclude Include="src\photobomberapp.h">
      <Filter>Source Files</Filter>
    </ClInclude>
  </ItemGroup>
  <ItemGroup>
    <ClCompile Include="src\main.cpp">
      <Filter>Source Files</Filter>
    </ClCompile>
    <ClCompile Include="src\photobomberapp.cpp">
      <Filter>Source Files</Filter>
    </ClCompile>
  </ItemGroup>
</Project>