<?xml version="1.0" encoding="utf-8"?>
<Project ToolsVersion="4.0" xmlns="http://schemas.microsoft.com/developer/msbuild/2003">
  <ItemGroup>
    <Filter Include="Assets">
      <UniqueIdentifier>{03709df8-9bd2-4189-a9d9-bee91b3f1bc6}</UniqueIdentifier>
      <Extensions>qml;js;qmljs;jpg;png;gif;bmp;ico;amd;wav;mp3;mp4</Extensions>
    </Filter>
    <Filter Include="Config Files">
      <UniqueIdentifier>{0f01f5aa-2601-442a-b62f-7c7f52dcc195}</UniqueIdentifier>
      <Extensions>pri;pro;mk;properties;project;cproject;xml;xsd;bat;cmd;ps;ps1</Extensions>
    </Filter>
    <Filter Include="Source Files">
      <UniqueIdentifier>{b0cfd6a8-5e3d-47fd-ae71-809318b08990}</UniqueIdentifier>
      <Extensions>cpp;c;cc;cxx;asm;h;hpp;hxx;hm;def;inl;inc</Extensions>
    </Filter>
    <Filter Include="Translations">
      <UniqueIdentifier>{51603aea-26c2-4714-89e7-35681d27b2f7}</UniqueIdentifier>
      <Extensions>ts;qm</Extensions>
    </Filter>
    <Filter Include="Assets\720x720">
      <UniqueIdentifier>{34487d4f-97f7-4a1d-9184-c35f199040dc}</UniqueIdentifier>
    </Filter>
    <Filter Include="Assets\720x720\images">
      <UniqueIdentifier>{414d965a-a016-40e6-89fe-5e4a09cecaac}</UniqueIdentifier>
    </Filter>
    <Filter Include="Assets\images">
      <UniqueIdentifier>{a287255c-64ab-422b-ac3f-5e98980ba3ad}</UniqueIdentifier>
    </Filter>
    <Filter Include="Assets\mindw90h90du">
      <UniqueIdentifier>{67326836-9864-41b6-8e99-651116447fc8}</UniqueIdentifier>
    </Filter>
    <Filter Include="Assets\mindw90h90du\images">
      <UniqueIdentifier>{6223cbdc-04af-40fb-b4a2-586027a64530}</UniqueIdentifier>
    </Filter>
  </ItemGroup>
  <ItemGroup>
    <None Include="bar-descriptor.xml">
      <Filter>Config Files</Filter>
    </None>
    <None Include="compass.pro">
      <Filter>Config Files</Filter>
    </None>
    <None Include="config.pri">
      <Filter>Config Files</Filter>
    </None>
    <None Include="device-assets.xml">
      <Filter>Config Files</Filter>
    </None>
    <None Include="icon.png">
      <Filter>Assets</Filter>
    </None>
    <None Include="LICENSE" />
    <None Include="Makefile" />
    <None Include="readme.txt" />
    <None Include="vsndk-runinfo.flag" />
    <None Include="assets\.assets.index">
      <Filter>Assets</Filter>
    </None>
    <None Include="assets\CompassView.qml">
      <Filter>Assets</Filter>
    </None>
    <None Include="assets\main.qml">
      <Filter>Assets</Filter>
    </None>
    <None Include="assets\720x720\images\COMPASS-CIRCLE-BG.png">
      <Filter>Assets\720x720\images</Filter>
    </None>
    <None Include="assets\images\ARROW-Bright.png">
      <Filter>Assets\images</Filter>
    </None>
    <None Include="assets\images\background.png">
      <Filter>Assets\images</Filter>
    </None>
    <None Include="assets\images\COMPASS-CIRCLE-BG.png">
      <Filter>Assets\images</Filter>
    </None>
    <None Include="assets\images\compass.png">
      <Filter>Assets\images</Filter>
    </None>
    <None Include="assets\images\FACE-512.png">
      <Filter>Assets\images</Filter>
    </None>
    <None Include="assets\mindw90h90du\CompassView.qml">
      <Filter>Assets\mindw90h90du</Filter>
    </None>
    <None Include="assets\mindw90h90du\main.qml">
      <Filter>Assets\mindw90h90du</Filter>
    </None>
    <None Include="assets\mindw90h90du\images\COMPASS-CIRCLE-BG.png">
      <Filter>Assets\mindw90h90du\images</Filter>
    </None>
    <None Include="translations\compass.pro">
      <Filter>Translations</Filter>
    </None>
    <None Include="translations\compass.ts">
      <Filter>Translations</Filter>
    </None>
    <None Include="translations\Makefile">
      <Filter>Translations</Filter>
    </None>
  </ItemGroup>
  <ItemGroup>
    <ClCompile Include="src\CompassSensor.cpp">
      <Filter>Source Files</Filter>
    </ClCompile>
    <ClCompile Include="src\main.cpp">
      <Filter>Source Files</Filter>
    </ClCompile>
  </ItemGroup>
  <ItemGroup>
    <ClInclude Include="src\CompassSensor.hpp">
      <Filter>Source Files</Filter>
    </ClInclude>
  </ItemGroup>
</Project>