<?xml version="1.0" encoding="utf-8"?>
<Project ToolsVersion="4.0" xmlns="http://schemas.microsoft.com/developer/msbuild/2003">
  <ItemGroup>
    <Filter Include="Assets">
      <UniqueIdentifier>{72321763-1b83-403a-b945-26495f77fba6}</UniqueIdentifier>
      <Extensions>qml;js;qmljs;jpg;png;gif;bmp;ico;amd;wav;mp3;mp4</Extensions>
    </Filter>
    <Filter Include="Config Files">
      <UniqueIdentifier>{2effa242-fceb-49af-92a3-0d05d8750ad4}</UniqueIdentifier>
      <Extensions>pri;pro;mk;properties;project;cproject;xml;xsd;bat;cmd;ps;ps1</Extensions>
    </Filter>
    <Filter Include="Source Files">
      <UniqueIdentifier>{a6680952-4288-47ea-86e4-143318de20ce}</UniqueIdentifier>
      <Extensions>cpp;c;cc;cxx;asm;h;hpp;hxx;hm;def;inl;inc</Extensions>
    </Filter>
    <Filter Include="Translations">
      <UniqueIdentifier>{2a65ddb6-0777-40d5-b059-3a8e69aa3705}</UniqueIdentifier>
      <Extensions>ts;qm</Extensions>
    </Filter>
    <Filter Include="Assets\12ppd">
      <UniqueIdentifier>{c2a78880-7481-4de6-bbd0-481d90942284}</UniqueIdentifier>
    </Filter>
    <Filter Include="Assets\12ppd\images">
      <UniqueIdentifier>{57c5f426-0777-42fc-9fcd-9ac6000741e9}</UniqueIdentifier>
    </Filter>
    <Filter Include="Assets\images">
      <UniqueIdentifier>{43a750f1-8349-403b-9708-8f2b15e09487}</UniqueIdentifier>
    </Filter>
    <Filter Include="Assets\mindw120h120du">
      <UniqueIdentifier>{bf7fc78b-e436-43f0-9392-22c4c05f4fe5}</UniqueIdentifier>
    </Filter>
    <Filter Include="Assets\mindw76h128du">
      <UniqueIdentifier>{c82b808c-75a4-4cd2-ab93-66a28ffbc523}</UniqueIdentifier>
    </Filter>
    <Filter Include="Assets\mindw76h128du\images">
      <UniqueIdentifier>{756615a2-70ce-46b5-a640-b81b75e20d54}</UniqueIdentifier>
    </Filter>
  </ItemGroup>
  <ItemGroup>
    <None Include="bar-descriptor.xml">
      <Filter>Config Files</Filter>
    </None>
    <None Include="config.pri">
      <Filter>Config Files</Filter>
    </None>
    <None Include="icon.png">
      <Filter>Assets</Filter>
    </None>
    <None Include="icon94.png">
      <Filter>Assets</Filter>
    </None>
    <None Include="LICENSE" />
    <None Include="Makefile" />
    <None Include="poemmaker.pro">
      <Filter>Config Files</Filter>
    </None>
    <None Include="readme.txt" />
    <None Include="splashscreen.jpg">
      <Filter>Assets</Filter>
    </None>
    <None Include="splashscreen1440x1440.png">
      <Filter>Assets</Filter>
    </None>
    <None Include="splashscreen720x1280.jpg">
      <Filter>Assets</Filter>
    </None>
    <None Include="splashscreen720x720.jpg">
      <Filter>Assets</Filter>
    </None>
    <None Include="assets\main.qml">
      <Filter>Assets</Filter>
    </None>
    <None Include="assets\Note.qml">
      <Filter>Assets</Filter>
    </None>
    <None Include="assets\poemgenerator.js">
      <Filter>Assets</Filter>
    </None>
    <None Include="assets\12ppd\images\background.png">
      <Filter>Assets\12ppd\images</Filter>
    </None>
    <None Include="assets\12ppd\images\line_background.png">
      <Filter>Assets\12ppd\images</Filter>
    </None>
    <None Include="assets\12ppd\images\rubber.png">
      <Filter>Assets\12ppd\images</Filter>
    </None>
    <None Include="assets\12ppd\images\rubber_depressed.png">
      <Filter>Assets\12ppd\images</Filter>
    </None>
    <None Include="assets\images\background.png">
      <Filter>Assets\images</Filter>
    </None>
    <None Include="assets\images\line_background.png">
      <Filter>Assets\images</Filter>
    </None>
    <None Include="assets\images\rubber.png">
      <Filter>Assets\images</Filter>
    </None>
    <None Include="assets\images\rubber_depressed.png">
      <Filter>Assets\images</Filter>
    </None>
    <None Include="assets\mindw120h120du\main.qml">
      <Filter>Assets\mindw120h120du</Filter>
    </None>
    <None Include="assets\mindw120h120du\Note.qml">
      <Filter>Assets\mindw120h120du</Filter>
    </None>
    <None Include="assets\mindw76h128du\main.qml">
      <Filter>Assets\mindw76h128du</Filter>
    </None>
    <None Include="assets\mindw76h128du\Note.qml">
      <Filter>Assets\mindw76h128du</Filter>
    </None>
    <None Include="assets\mindw76h128du\images\background.png">
      <Filter>Assets\mindw76h128du\images</Filter>
    </None>
    <None Include="assets\mindw76h128du\images\rubber.png">
      <Filter>Assets\mindw76h128du\images</Filter>
    </None>
    <None Include="assets\mindw76h128du\images\rubber_depressed.png">
      <Filter>Assets\mindw76h128du\images</Filter>
    </None>
    <None Include="assets\mindw76h128du\images\straw.png">
      <Filter>Assets\mindw76h128du\images</Filter>
    </None>
    <None Include="translations\Makefile">
      <Filter>Translations</Filter>
    </None>
    <None Include="translations\poemmaker.pro">
      <Filter>Translations</Filter>
    </None>
    <None Include="translations\poemmaker.ts">
      <Filter>Translations</Filter>
    </None>
  </ItemGroup>
  <ItemGroup>
    <ClInclude Include="precompiled.h">
      <Filter>Source Files</Filter>
    </ClInclude>
    <ClInclude Include="src\poemmaker.h">
      <Filter>Source Files</Filter>
    </ClInclude>
  </ItemGroup>
  <ItemGroup>
    <ClCompile Include="src\main.cpp">
      <Filter>Source Files</Filter>
    </ClCompile>
    <ClCompile Include="src\poemmaker.cpp">
      <Filter>Source Files</Filter>
    </ClCompile>
  </ItemGroup>
</Project>