<?xml version="1.0" encoding="utf-8"?>
<Project ToolsVersion="4.0" xmlns="http://schemas.microsoft.com/developer/msbuild/2003">
  <ItemGroup>
    <Filter Include="Assets">
      <UniqueIdentifier>{6ae05c4e-5bbf-446d-ae20-4dce7a091dd1}</UniqueIdentifier>
      <Extensions>qml;js;qmljs;jpg;png;gif;bmp;ico;amd;wav;mp3;mp4</Extensions>
    </Filter>
    <Filter Include="Config Files">
      <UniqueIdentifier>{44ae542a-a99d-4751-9a8a-70b725c12f1a}</UniqueIdentifier>
      <Extensions>pri;pro;mk;properties;project;cproject;xml;xsd;bat;cmd;ps;ps1</Extensions>
    </Filter>
    <Filter Include="Source Files">
      <UniqueIdentifier>{cd2ab091-f95f-4442-8aca-7d8750a984ad}</UniqueIdentifier>
      <Extensions>cpp;c;cc;cxx;asm;h;hpp;hxx;hm;def;inl;inc</Extensions>
    </Filter>
    <Filter Include="Translations">
      <UniqueIdentifier>{b3e9e372-b35d-4b51-87ef-c6430f2f32d1}</UniqueIdentifier>
      <Extensions>ts;qm</Extensions>
    </Filter>
    <Filter Include="Assets\images">
      <UniqueIdentifier>{34bd95ab-fc9c-45c8-a8f9-1e189d758886}</UniqueIdentifier>
    </Filter>
  </ItemGroup>
  <ItemGroup>
    <None Include="bar-descriptor.xml">
      <Filter>Config Files</Filter>
    </None>
    <None Include="bluetoothsppchat.pro">
      <Filter>Config Files</Filter>
    </None>
    <None Include="config.pri">
      <Filter>Config Files</Filter>
    </None>
    <None Include="device-assets.xml">
      <Filter>Config Files</Filter>
    </None>
    <None Include="icon.png">
      <Filter>Assets</Filter>
    </None>
    <None Include="LICENSE" />
    <None Include="Makefile" />
    <None Include="readme.txt" />
    <None Include="assets\LabelLabel.qml">
      <Filter>Assets</Filter>
    </None>
    <None Include="assets\LocalDeviceInfoSheet.qml">
      <Filter>Assets</Filter>
    </None>
    <None Include="assets\main.qml">
      <Filter>Assets</Filter>
    </None>
    <None Include="assets\RemoteDevice.qml">
      <Filter>Assets</Filter>
    </None>
    <None Include="assets\RemoteDeviceInfoSheet.qml">
      <Filter>Assets</Filter>
    </None>
    <None Include="assets\SPPChat.qml">
      <Filter>Assets</Filter>
    </None>
    <None Include="assets\images\broadcasts.png">
      <Filter>Assets\images</Filter>
    </None>
    <None Include="assets\images\device_discovery.png">
      <Filter>Assets\images</Filter>
    </None>
    <None Include="assets\images\discoverable_off.png">
      <Filter>Assets\images</Filter>
    </None>
    <None Include="assets\images\discoverable_on.png">
      <Filter>Assets\images</Filter>
    </None>
    <None Include="assets\images\local_device.png">
      <Filter>Assets\images</Filter>
    </None>
    <None Include="assets\images\notify.png">
      <Filter>Assets\images</Filter>
    </None>
    <None Include="assets\images\off.png">
      <Filter>Assets\images</Filter>
    </None>
    <None Include="assets\images\on.png">
      <Filter>Assets\images</Filter>
    </None>
    <None Include="assets\images\save.png">
      <Filter>Assets\images</Filter>
    </None>
    <None Include="assets\images\send.png">
      <Filter>Assets\images</Filter>
    </None>
    <None Include="translations\bluetoothsppchat.pro">
      <Filter>Translations</Filter>
    </None>
    <None Include="translations\bluetoothsppchat.ts">
      <Filter>Translations</Filter>
    </None>
    <None Include="translations\Makefile">
      <Filter>Translations</Filter>
    </None>
  </ItemGroup>
  <ItemGroup>
    <ClCompile Include="src\applicationui.cpp">
      <Filter>Source Files</Filter>
    </ClCompile>
    <ClCompile Include="src\BTController.cpp">
      <Filter>Source Files</Filter>
    </ClCompile>
    <ClCompile Include="src\ChatManager.cpp">
      <Filter>Source Files</Filter>
    </ClCompile>
    <ClCompile Include="src\DeviceListing.cpp">
      <Filter>Source Files</Filter>
    </ClCompile>
    <ClCompile Include="src\LocalDeviceInfo.cpp">
      <Filter>Source Files</Filter>
    </ClCompile>
    <ClCompile Include="src\main.cpp">
      <Filter>Source Files</Filter>
    </ClCompile>
    <ClCompile Include="src\RemoteDeviceInfo.cpp">
      <Filter>Source Files</Filter>
    </ClCompile>
  </ItemGroup>
  <ItemGroup>
    <ClInclude Include="src\applicationui.hpp">
      <Filter>Source Files</Filter>
    </ClInclude>
    <ClInclude Include="src\BTController.hpp">
      <Filter>Source Files</Filter>
    </ClInclude>
    <ClInclude Include="src\ChatManager.hpp">
      <Filter>Source Files</Filter>
    </ClInclude>
    <ClInclude Include="src\DeviceListing.hpp">
      <Filter>Source Files</Filter>
    </ClInclude>
    <ClInclude Include="src\LocalDeviceInfo.hpp">
      <Filter>Source Files</Filter>
    </ClInclude>
    <ClInclude Include="src\RemoteDeviceInfo.hpp">
      <Filter>Source Files</Filter>
    </ClInclude>
  </ItemGroup>
</Project>