<?xml version="1.0" encoding="utf-8"?>
<Project ToolsVersion="4.0" xmlns="http://schemas.microsoft.com/developer/msbuild/2003">
  <ItemGroup>
    <Filter Include="Assets">
      <UniqueIdentifier>{6760e3b2-5d93-428d-90c7-e071015d9602}</UniqueIdentifier>
      <Extensions>qml;js;qmljs;jpg;png;gif;bmp;ico;amd;wav;mp3;mp4</Extensions>
    </Filter>
    <Filter Include="Config Files">
      <UniqueIdentifier>{27b10e94-59ab-4e5a-91fd-c1f047d4c1ab}</UniqueIdentifier>
      <Extensions>pri;pro;mk;properties;project;cproject;xml;xsd;bat;cmd;ps;ps1</Extensions>
    </Filter>
    <Filter Include="Source Files">
      <UniqueIdentifier>{699d1f7f-149d-4327-8520-8d0181174337}</UniqueIdentifier>
      <Extensions>cpp;c;cc;cxx;asm;h;hpp;hxx;hm;def;inl;inc</Extensions>
    </Filter>
    <Filter Include="Translations">
      <UniqueIdentifier>{3583dacd-dbd8-44d9-ac1b-5560f12c8b66}</UniqueIdentifier>
      <Extensions>ts;qm</Extensions>
    </Filter>
    <Filter Include="Assets\12ppd">
      <UniqueIdentifier>{6f7769b7-6c7b-4439-903b-0f65fe99b8a0}</UniqueIdentifier>
    </Filter>
    <Filter Include="Assets\12ppd\images">
      <UniqueIdentifier>{9278a278-3884-4705-9096-94cf90fd88a1}</UniqueIdentifier>
    </Filter>
    <Filter Include="Assets\12ppd\images\customdialog">
      <UniqueIdentifier>{3c603256-8fd5-474b-bd63-18a94f507634}</UniqueIdentifier>
    </Filter>
    <Filter Include="Assets\9ppd">
      <UniqueIdentifier>{85fe2ba5-37be-4c1d-ac1e-ad092dac5385}</UniqueIdentifier>
    </Filter>
    <Filter Include="Assets\9ppd\images">
      <UniqueIdentifier>{40d70ffc-9ae8-4a11-80ea-2c35f99b7d61}</UniqueIdentifier>
    </Filter>
    <Filter Include="Assets\9ppd\images\customdialog">
      <UniqueIdentifier>{0d3f8789-5e31-440c-be5a-07ec009d254d}</UniqueIdentifier>
    </Filter>
    <Filter Include="Assets\9ppd\images\gesturehandler">
      <UniqueIdentifier>{9c5beba0-bd54-4b69-9f63-2e7e375d34a0}</UniqueIdentifier>
    </Filter>
    <Filter Include="Assets\9ppd\images\nineslice">
      <UniqueIdentifier>{99fbce73-7e3b-4e8d-b65e-926d822a3198}</UniqueIdentifier>
    </Filter>
    <Filter Include="Assets\9ppd\images\progressindicator">
      <UniqueIdentifier>{0a132c00-a004-4430-b9fd-68f5d997f394}</UniqueIdentifier>
    </Filter>
    <Filter Include="Assets\images">
      <UniqueIdentifier>{d592d8a4-4c62-43ab-8557-878f69b06f7a}</UniqueIdentifier>
    </Filter>
    <Filter Include="Assets\images\animation">
      <UniqueIdentifier>{287bb325-3f6e-49dd-8584-a27db87ef65c}</UniqueIdentifier>
    </Filter>
    <Filter Include="Assets\images\button">
      <UniqueIdentifier>{b523ba7e-a96f-47fb-ace1-71bed80756f8}</UniqueIdentifier>
    </Filter>
    <Filter Include="Assets\images\color">
      <UniqueIdentifier>{4e8e20f8-d3fe-4cd4-b12c-74d94d89d36c}</UniqueIdentifier>
    </Filter>
    <Filter Include="Assets\images\customdialog">
      <UniqueIdentifier>{f4d32e94-b38d-400a-9b17-fe5c7cda8194}</UniqueIdentifier>
    </Filter>
    <Filter Include="Assets\images\custompicker">
      <UniqueIdentifier>{f954ca4f-c376-4534-ae93-f262d037d212}</UniqueIdentifier>
    </Filter>
    <Filter Include="Assets\images\docklayout">
      <UniqueIdentifier>{4276e332-4af7-45bd-86f1-f2cbf2e4d27c}</UniqueIdentifier>
    </Filter>
    <Filter Include="Assets\images\dropdown">
      <UniqueIdentifier>{17211b35-56f7-4b3a-a07b-3b81b8c6d7cf}</UniqueIdentifier>
    </Filter>
    <Filter Include="Assets\images\gesturehandler">
      <UniqueIdentifier>{4a2dfb16-fde0-4f09-b849-6b98ec22b0bb}</UniqueIdentifier>
    </Filter>
    <Filter Include="Assets\images\gridlayout">
      <UniqueIdentifier>{79ca396b-704e-41d4-b601-3d68afc9bd21}</UniqueIdentifier>
    </Filter>
    <Filter Include="Assets\images\imagepaint">
      <UniqueIdentifier>{698ec044-e8e5-4729-96ef-5ef2cf426635}</UniqueIdentifier>
    </Filter>
    <Filter Include="Assets\images\items">
      <UniqueIdentifier>{1e775558-1f18-4d0a-919c-a8b476df4575}</UniqueIdentifier>
    </Filter>
    <Filter Include="Assets\images\nineslice">
      <UniqueIdentifier>{6f34aaab-ae7c-4903-8eb4-98bdd9c63f7e}</UniqueIdentifier>
    </Filter>
    <Filter Include="Assets\images\orientation">
      <UniqueIdentifier>{ae53262b-d220-4712-9b26-5b48c818b75c}</UniqueIdentifier>
    </Filter>
    <Filter Include="Assets\images\picker">
      <UniqueIdentifier>{dbc6770b-703d-42b4-b8f0-1cb3a1720478}</UniqueIdentifier>
    </Filter>
    <Filter Include="Assets\images\progressindicator">
      <UniqueIdentifier>{6f682159-5ed0-41b5-aca7-a9d346d97b24}</UniqueIdentifier>
    </Filter>
    <Filter Include="Assets\images\segmentedcontrol">
      <UniqueIdentifier>{fd196734-eec8-4a6e-a0e6-da756b0fa72a}</UniqueIdentifier>
    </Filter>
    <Filter Include="Assets\images\sheet">
      <UniqueIdentifier>{df3e52f8-5e83-41d5-b57e-29d559a4700d}</UniqueIdentifier>
    </Filter>
    <Filter Include="Assets\images\shortcut">
      <UniqueIdentifier>{9f9eabe1-8e00-4b86-acba-6d2665861d17}</UniqueIdentifier>
    </Filter>
    <Filter Include="Assets\images\stockcurve">
      <UniqueIdentifier>{1211a8ca-250c-420b-b219-9ceab8ed1d13}</UniqueIdentifier>
    </Filter>
    <Filter Include="Assets\models">
      <UniqueIdentifier>{98a2f344-a7b2-4371-8038-5f1dc5e9c0b2}</UniqueIdentifier>
    </Filter>
    <Filter Include="Source Files\recipes">
      <UniqueIdentifier>{9f93c259-7449-436d-ae00-ca7cbe24d8bf}</UniqueIdentifier>
    </Filter>
    <Filter Include="Source Files\recipes\activityindicatorrecipe">
      <UniqueIdentifier>{fbf5e223-729c-4964-8b88-e468b0bcd99c}</UniqueIdentifier>
    </Filter>
    <Filter Include="Source Files\recipes\customdialogrecipe">
      <UniqueIdentifier>{d86c8f23-5db3-4cad-8001-4b4fcb5d0450}</UniqueIdentifier>
    </Filter>
    <Filter Include="Source Files\recipes\custompickerrecipe">
      <UniqueIdentifier>{89ee35f1-abb4-4bd2-bef7-c432d4cf916b}</UniqueIdentifier>
    </Filter>
    <Filter Include="Source Files\recipes\selectionrecipe">
      <UniqueIdentifier>{2d8a38c0-8689-44ea-b420-a6337607bff6}</UniqueIdentifier>
    </Filter>
    <Filter Include="Source Files\recipes\sheetrecipe">
      <UniqueIdentifier>{aa22152d-1c3c-497d-ad99-095d6c9599cf}</UniqueIdentifier>
    </Filter>
    <Filter Include="Source Files\recipes\stockcurverecipe">
      <UniqueIdentifier>{c592a9e0-010b-4206-ba47-a0cc24754896}</UniqueIdentifier>
    </Filter>
  </ItemGroup>
  <ItemGroup>
    <None Include="bar-descriptor.xml">
      <Filter>Config Files</Filter>
    </None>
    <None Include="cascadescookbookcpp.pro">
      <Filter>Config Files</Filter>
    </None>
    <None Include="config.pri">
      <Filter>Config Files</Filter>
    </None>
    <None Include="icon.png">
      <Filter>Assets</Filter>
    </None>
    <None Include="icon94.png">
      <Filter>Assets</Filter>
    </None>
    <None Include="LICENSE" />
    <None Include="Makefile" />
    <None Include="readme.txt" />
    <None Include="splash.png">
      <Filter>Assets</Filter>
    </None>
    <None Include="assets\WebViewFallback.html">
      <Filter>Assets</Filter>
    </None>
    <None Include="assets\12ppd\images\peach_big.png">
      <Filter>Assets\12ppd\images</Filter>
    </None>
    <None Include="assets\12ppd\images\customdialog\background.png">
      <Filter>Assets\12ppd\images\customdialog</Filter>
    </None>
    <None Include="assets\12ppd\images\customdialog\flame.png">
      <Filter>Assets\12ppd\images\customdialog</Filter>
    </None>
    <None Include="assets\9ppd\images\peach_big.png">
      <Filter>Assets\9ppd\images</Filter>
    </None>
    <None Include="assets\9ppd\images\customdialog\background.png">
      <Filter>Assets\9ppd\images\customdialog</Filter>
    </None>
    <None Include="assets\9ppd\images\customdialog\flame.png">
      <Filter>Assets\9ppd\images\customdialog</Filter>
    </None>
    <None Include="assets\9ppd\images\gesturehandler\broken.png">
      <Filter>Assets\9ppd\images\gesturehandler</Filter>
    </None>
    <None Include="assets\9ppd\images\gesturehandler\whole.png">
      <Filter>Assets\9ppd\images\gesturehandler</Filter>
    </None>
    <None Include="assets\9ppd\images\nineslice\border_image_Pasta.amd">
      <Filter>Assets\9ppd\images\nineslice</Filter>
    </None>
    <None Include="assets\9ppd\images\nineslice\border_image_Pasta.png">
      <Filter>Assets\9ppd\images\nineslice</Filter>
    </None>
    <None Include="assets\9ppd\images\progressindicator\lid.png">
      <Filter>Assets\9ppd\images\progressindicator</Filter>
    </None>
    <None Include="assets\9ppd\images\progressindicator\pot.png">
      <Filter>Assets\9ppd\images\progressindicator</Filter>
    </None>
    <None Include="assets\images\active_frames_pepper.png">
      <Filter>Assets\images</Filter>
    </None>
    <None Include="assets\images\alphabet_soup.png">
      <Filter>Assets\images</Filter>
    </None>
    <None Include="assets\images\application-cover.amd">
      <Filter>Assets\images</Filter>
    </None>
    <None Include="assets\images\application-cover.png">
      <Filter>Assets\images</Filter>
    </None>
    <None Include="assets\images\background.amd">
      <Filter>Assets\images</Filter>
    </None>
    <None Include="assets\images\background.png">
      <Filter>Assets\images</Filter>
    </None>
    <None Include="assets\images\Book_background.amd">
      <Filter>Assets\images</Filter>
    </None>
    <None Include="assets\images\Book_background.png">
      <Filter>Assets\images</Filter>
    </None>
    <None Include="assets\images\empty_box.amd">
      <Filter>Assets\images</Filter>
    </None>
    <None Include="assets\images\empty_box.png">
      <Filter>Assets\images</Filter>
    </None>
    <None Include="assets\images\free_yellow_pepper.png">
      <Filter>Assets\images</Filter>
    </None>
    <None Include="assets\images\mushroom_soup.png">
      <Filter>Assets\images</Filter>
    </None>
    <None Include="assets\images\peach_big.png">
      <Filter>Assets\images</Filter>
    </None>
    <None Include="assets\images\salt_icon.png">
      <Filter>Assets\images</Filter>
    </None>
    <None Include="assets\images\white_photo.amd">
      <Filter>Assets\images</Filter>
    </None>
    <None Include="assets\images\white_photo.png">
      <Filter>Assets\images</Filter>
    </None>
    <None Include="assets\images\animation\dark_background.png">
      <Filter>Assets\images\animation</Filter>
    </None>
    <None Include="assets\images\animation\egg_isolated.png">
      <Filter>Assets\images\animation</Filter>
    </None>
    <None Include="assets\images\animation\egg_isolated_shadow.png">
      <Filter>Assets\images\animation</Filter>
    </None>
    <None Include="assets\images\button\icon_orange_dust.png">
      <Filter>Assets\images\button</Filter>
    </None>
    <None Include="assets\images\button\icon_orange_green.png">
      <Filter>Assets\images\button</Filter>
    </None>
    <None Include="assets\images\button\icon_orange_mouldy.png">
      <Filter>Assets\images\button</Filter>
    </None>
    <None Include="assets\images\button\icon_orange_ripe.png">
      <Filter>Assets\images\button</Filter>
    </None>
    <None Include="assets\images\button\image_button_disabled.png">
      <Filter>Assets\images\button</Filter>
    </None>
    <None Include="assets\images\button\image_button_enabled.png">
      <Filter>Assets\images\button</Filter>
    </None>
    <None Include="assets\images\button\image_button_selected.png">
      <Filter>Assets\images\button</Filter>
    </None>
    <None Include="assets\images\color\icon_missed.png">
      <Filter>Assets\images\color</Filter>
    </None>
    <None Include="assets\images\color\icon_outgoing.png">
      <Filter>Assets\images\color</Filter>
    </None>
    <None Include="assets\images\color\icon_waiting.png">
      <Filter>Assets\images\color</Filter>
    </None>
    <None Include="assets\images\customdialog\background.png">
      <Filter>Assets\images\customdialog</Filter>
    </None>
    <None Include="assets\images\customdialog\customdialog_alarm.amd">
      <Filter>Assets\images\customdialog</Filter>
    </None>
    <None Include="assets\images\customdialog\customdialog_alarm.png">
      <Filter>Assets\images\customdialog</Filter>
    </None>
    <None Include="assets\images\customdialog\flame.png">
      <Filter>Assets\images\customdialog</Filter>
    </None>
    <None Include="assets\images\custompicker\sliceImage.png">
      <Filter>Assets\images\custompicker</Filter>
    </None>
    <None Include="assets\images\docklayout\bean_centered.png">
      <Filter>Assets\images\docklayout</Filter>
    </None>
    <None Include="assets\images\docklayout\bean_horizontal.png">
      <Filter>Assets\images\docklayout</Filter>
    </None>
    <None Include="assets\images\docklayout\bean_vertical.png">
      <Filter>Assets\images\docklayout</Filter>
    </None>
    <None Include="assets\images\docklayout\black_page.png">
      <Filter>Assets\images\docklayout</Filter>
    </None>
    <None Include="assets\images\dropdown\beer1.png">
      <Filter>Assets\images\dropdown</Filter>
    </None>
    <None Include="assets\images\dropdown\beer2.png">
      <Filter>Assets\images\dropdown</Filter>
    </None>
    <None Include="assets\images\dropdown\beer3.png">
      <Filter>Assets\images\dropdown</Filter>
    </None>
    <None Include="assets\images\dropdown\beer4.png">
      <Filter>Assets\images\dropdown</Filter>
    </None>
    <None Include="assets\images\gesturehandler\broken.png">
      <Filter>Assets\images\gesturehandler</Filter>
    </None>
    <None Include="assets\images\gesturehandler\whole.png">
      <Filter>Assets\images\gesturehandler</Filter>
    </None>
    <None Include="assets\images\gridlayout\egg.png">
      <Filter>Assets\images\gridlayout</Filter>
    </None>
    <None Include="assets\images\gridlayout\frame6.amd">
      <Filter>Assets\images\gridlayout</Filter>
    </None>
    <None Include="assets\images\gridlayout\frame6.png">
      <Filter>Assets\images\gridlayout</Filter>
    </None>
    <None Include="assets\images\gridlayout\legs3.amd">
      <Filter>Assets\images\gridlayout</Filter>
    </None>
    <None Include="assets\images\gridlayout\legs3.png">
      <Filter>Assets\images\gridlayout</Filter>
    </None>
    <None Include="assets\images\gridlayout\legs4.amd">
      <Filter>Assets\images\gridlayout</Filter>
    </None>
    <None Include="assets\images\gridlayout\legs4.png">
      <Filter>Assets\images\gridlayout</Filter>
    </None>
    <None Include="assets\images\gridlayout\pepper.png">
      <Filter>Assets\images\gridlayout</Filter>
    </None>
    <None Include="assets\images\gridlayout\pot.png">
      <Filter>Assets\images\gridlayout</Filter>
    </None>
    <None Include="assets\images\imagepaint\gplay_256x256.amd">
      <Filter>Assets\images\imagepaint</Filter>
    </None>
    <None Include="assets\images\imagepaint\gplay_256x256.png">
      <Filter>Assets\images\imagepaint</Filter>
    </None>
    <None Include="assets\images\imagepaint\light_toast_128x128.amd">
      <Filter>Assets\images\imagepaint</Filter>
    </None>
    <None Include="assets\images\imagepaint\light_toast_128x128.png">
      <Filter>Assets\images\imagepaint</Filter>
    </None>
    <None Include="assets\images\imagepaint\nistri_16x16.amd">
      <Filter>Assets\images\imagepaint</Filter>
    </None>
    <None Include="assets\images\imagepaint\nistri_16x16.png">
      <Filter>Assets\images\imagepaint</Filter>
    </None>
    <None Include="assets\images\imagepaint\pyamas_16x16.amd">
      <Filter>Assets\images\imagepaint</Filter>
    </None>
    <None Include="assets\images\imagepaint\pyamas_16x16.png">
      <Filter>Assets\images\imagepaint</Filter>
    </None>
    <None Include="assets\images\imagepaint\scribble_light_256x256.amd">
      <Filter>Assets\images\imagepaint</Filter>
    </None>
    <None Include="assets\images\imagepaint\scribble_light_256x256.png">
      <Filter>Assets\images\imagepaint</Filter>
    </None>
    <None Include="assets\images\imagepaint\tactile_stripes_16x16.amd">
      <Filter>Assets\images\imagepaint</Filter>
    </None>
    <None Include="assets\images\imagepaint\tactile_stripes_16x16.png">
      <Filter>Assets\images\imagepaint</Filter>
    </None>
    <None Include="assets\images\imagepaint\white_stripes_16x16.amd">
      <Filter>Assets\images\imagepaint</Filter>
    </None>
    <None Include="assets\images\imagepaint\white_stripes_16x16.png">
      <Filter>Assets\images\imagepaint</Filter>
    </None>
    <None Include="assets\images\items\alphabet_soup.png">
      <Filter>Assets\images\items</Filter>
    </None>
    <None Include="assets\images\items\banana.png">
      <Filter>Assets\images\items</Filter>
    </None>
    <None Include="assets\images\items\bananapeeled.png">
      <Filter>Assets\images\items</Filter>
    </None>
    <None Include="assets\images\items\beer.png">
      <Filter>Assets\images\items</Filter>
    </None>
    <None Include="assets\images\items\blackbeans.png">
      <Filter>Assets\images\items</Filter>
    </None>
    <None Include="assets\images\items\broccoli.png">
      <Filter>Assets\images\items</Filter>
    </None>
    <None Include="assets\images\items\button.png">
      <Filter>Assets\images\items</Filter>
    </None>
    <None Include="assets\images\items\chocolate.png">
      <Filter>Assets\images\items</Filter>
    </None>
    <None Include="assets\images\items\cookie.png">
      <Filter>Assets\images\items</Filter>
    </None>
    <None Include="assets\images\items\cucumber.png">
      <Filter>Assets\images\items</Filter>
    </None>
    <None Include="assets\images\items\custompicker.png">
      <Filter>Assets\images\items</Filter>
    </None>
    <None Include="assets\images\items\docklayout.png">
      <Filter>Assets\images\items</Filter>
    </None>
    <None Include="assets\images\items\egg.png">
      <Filter>Assets\images\items</Filter>
    </None>
    <None Include="assets\images\items\eggplant.png">
      <Filter>Assets\images\items</Filter>
    </None>
    <None Include="assets\images\items\flour.png">
      <Filter>Assets\images\items</Filter>
    </None>
    <None Include="assets\images\items\lasagna.png">
      <Filter>Assets\images\items</Filter>
    </None>
    <None Include="assets\images\items\leek.png">
      <Filter>Assets\images\items</Filter>
    </None>
    <None Include="assets\images\items\lemon.png">
      <Filter>Assets\images\items</Filter>
    </None>
    <None Include="assets\images\items\menu.png">
      <Filter>Assets\images\items</Filter>
    </None>
    <None Include="assets\images\items\olives.png">
      <Filter>Assets\images\items</Filter>
    </None>
    <None Include="assets\images\items\onion.png">
      <Filter>Assets\images\items</Filter>
    </None>
    <None Include="assets\images\items\orange.png">
      <Filter>Assets\images\items</Filter>
    </None>
    <None Include="assets\images\items\orange_sliced.png">
      <Filter>Assets\images\items</Filter>
    </None>
    <None Include="assets\images\items\peach.png">
      <Filter>Assets\images\items</Filter>
    </None>
    <None Include="assets\images\items\pear.png">
      <Filter>Assets\images\items</Filter>
    </None>
    <None Include="assets\images\items\pear_peach.png">
      <Filter>Assets\images\items</Filter>
    </None>
    <None Include="assets\images\items\peas_in_pod.png">
      <Filter>Assets\images\items</Filter>
    </None>
    <None Include="assets\images\items\pixelbuffer.png">
      <Filter>Assets\images\items</Filter>
    </None>
    <None Include="assets\images\items\segmented_soup.png">
      <Filter>Assets\images\items</Filter>
    </None>
    <None Include="assets\images\items\sesame.png">
      <Filter>Assets\images\items</Filter>
    </None>
    <None Include="assets\images\items\shortcut.png">
      <Filter>Assets\images\items</Filter>
    </None>
    <None Include="assets\images\items\strawberries.png">
      <Filter>Assets\images\items</Filter>
    </None>
    <None Include="assets\images\items\sugarcandy.png">
      <Filter>Assets\images\items</Filter>
    </None>
    <None Include="assets\images\items\sugar_tile.png">
      <Filter>Assets\images\items</Filter>
    </None>
    <None Include="assets\images\items\yellow_pepper.png">
      <Filter>Assets\images\items</Filter>
    </None>
    <None Include="assets\images\nineslice\border_image_Pasta.amd">
      <Filter>Assets\images\nineslice</Filter>
    </None>
    <None Include="assets\images\nineslice\border_image_Pasta.png">
      <Filter>Assets\images\nineslice</Filter>
    </None>
    <None Include="assets\images\orientation\landscape.png">
      <Filter>Assets\images\orientation</Filter>
    </None>
    <None Include="assets\images\orientation\portrait.png">
      <Filter>Assets\images\orientation</Filter>
    </None>
    <None Include="assets\images\picker\banana_ancient.png">
      <Filter>Assets\images\picker</Filter>
    </None>
    <None Include="assets\images\picker\banana_new.png">
      <Filter>Assets\images\picker</Filter>
    </None>
    <None Include="assets\images\picker\banana_old.png">
      <Filter>Assets\images\picker</Filter>
    </None>
    <None Include="assets\images\picker\banana_past.png">
      <Filter>Assets\images\picker</Filter>
    </None>
    <None Include="assets\images\progressindicator\lid.png">
      <Filter>Assets\images\progressindicator</Filter>
    </None>
    <None Include="assets\images\progressindicator\pot.png">
      <Filter>Assets\images\progressindicator</Filter>
    </None>
    <None Include="assets\images\segmentedcontrol\soup_beet.png">
      <Filter>Assets\images\segmentedcontrol</Filter>
    </None>
    <None Include="assets\images\segmentedcontrol\soup_green.png">
      <Filter>Assets\images\segmentedcontrol</Filter>
    </None>
    <None Include="assets\images\segmentedcontrol\soup_white.png">
      <Filter>Assets\images\segmentedcontrol</Filter>
    </None>
    <None Include="assets\images\sheet\basket.png">
      <Filter>Assets\images\sheet</Filter>
    </None>
    <None Include="assets\images\sheet\fruit1.png">
      <Filter>Assets\images\sheet</Filter>
    </None>
    <None Include="assets\images\sheet\fruit2.png">
      <Filter>Assets\images\sheet</Filter>
    </None>
    <None Include="assets\images\sheet\fruit3.png">
      <Filter>Assets\images\sheet</Filter>
    </None>
    <None Include="assets\images\sheet\fruit4.png">
      <Filter>Assets\images\sheet</Filter>
    </None>
    <None Include="assets\images\sheet\fruit5.png">
      <Filter>Assets\images\sheet</Filter>
    </None>
    <None Include="assets\images\shortcut\keys.png">
      <Filter>Assets\images\shortcut</Filter>
    </None>
    <None Include="assets\images\shortcut\keysA.png">
      <Filter>Assets\images\shortcut</Filter>
    </None>
    <None Include="assets\images\shortcut\keysD.png">
      <Filter>Assets\images\shortcut</Filter>
    </None>
    <None Include="assets\images\shortcut\keysS.png">
      <Filter>Assets\images\shortcut</Filter>
    </None>
    <None Include="assets\images\shortcut\keysW.png">
      <Filter>Assets\images\shortcut</Filter>
    </None>
    <None Include="assets\images\shortcut\lockImage.png">
      <Filter>Assets\images\shortcut</Filter>
    </None>
    <None Include="assets\images\stockcurve\broken_egg.png">
      <Filter>Assets\images\stockcurve</Filter>
    </None>
    <None Include="assets\images\stockcurve\egg.png">
      <Filter>Assets\images\stockcurve</Filter>
    </None>
    <None Include="assets\images\stockcurve\icon_BackIn.png">
      <Filter>Assets\images\stockcurve</Filter>
    </None>
    <None Include="assets\images\stockcurve\icon_BackInOut.png">
      <Filter>Assets\images\stockcurve</Filter>
    </None>
    <None Include="assets\images\stockcurve\icon_BackOut.png">
      <Filter>Assets\images\stockcurve</Filter>
    </None>
    <None Include="assets\images\stockcurve\icon_BounceIn.png">
      <Filter>Assets\images\stockcurve</Filter>
    </None>
    <None Include="assets\images\stockcurve\icon_BounceInOut.png">
      <Filter>Assets\images\stockcurve</Filter>
    </None>
    <None Include="assets\images\stockcurve\icon_BounceOut.png">
      <Filter>Assets\images\stockcurve</Filter>
    </None>
    <None Include="assets\images\stockcurve\icon_CircularIn.png">
      <Filter>Assets\images\stockcurve</Filter>
    </None>
    <None Include="assets\images\stockcurve\icon_CircularInOut.png">
      <Filter>Assets\images\stockcurve</Filter>
    </None>
    <None Include="assets\images\stockcurve\icon_CircularOut.png">
      <Filter>Assets\images\stockcurve</Filter>
    </None>
    <None Include="assets\images\stockcurve\icon_CubicIn.png">
      <Filter>Assets\images\stockcurve</Filter>
    </None>
    <None Include="assets\images\stockcurve\icon_CubicInOut.png">
      <Filter>Assets\images\stockcurve</Filter>
    </None>
    <None Include="assets\images\stockcurve\icon_CubicOut.png">
      <Filter>Assets\images\stockcurve</Filter>
    </None>
    <None Include="assets\images\stockcurve\icon_DoubleBounceIn.png">
      <Filter>Assets\images\stockcurve</Filter>
    </None>
    <None Include="assets\images\stockcurve\icon_DoubleBounceInOut.png">
      <Filter>Assets\images\stockcurve</Filter>
    </None>
    <None Include="assets\images\stockcurve\icon_DoubleBounceOut.png">
      <Filter>Assets\images\stockcurve</Filter>
    </None>
    <None Include="assets\images\stockcurve\icon_DoubleElasticIn.png">
      <Filter>Assets\images\stockcurve</Filter>
    </None>
    <None Include="assets\images\stockcurve\icon_DoubleElasticInOut.png">
      <Filter>Assets\images\stockcurve</Filter>
    </None>
    <None Include="assets\images\stockcurve\icon_DoubleElasticOut.png">
      <Filter>Assets\images\stockcurve</Filter>
    </None>
    <None Include="assets\images\stockcurve\icon_ElasticIn.png">
      <Filter>Assets\images\stockcurve</Filter>
    </None>
    <None Include="assets\images\stockcurve\icon_ElasticInOut.png">
      <Filter>Assets\images\stockcurve</Filter>
    </None>
    <None Include="assets\images\stockcurve\icon_ElasticOut.png">
      <Filter>Assets\images\stockcurve</Filter>
    </None>
    <None Include="assets\images\stockcurve\icon_ExponentialIn.png">
      <Filter>Assets\images\stockcurve</Filter>
    </None>
    <None Include="assets\images\stockcurve\icon_ExponentialInOut.png">
      <Filter>Assets\images\stockcurve</Filter>
    </None>
    <None Include="assets\images\stockcurve\icon_ExponentialOut.png">
      <Filter>Assets\images\stockcurve</Filter>
    </None>
    <None Include="assets\images\stockcurve\icon_ImplicitOut.png">
      <Filter>Assets\images\stockcurve</Filter>
    </None>
    <None Include="assets\images\stockcurve\icon_Linear.png">
      <Filter>Assets\images\stockcurve</Filter>
    </None>
    <None Include="assets\images\stockcurve\icon_QuadraticIn.png">
      <Filter>Assets\images\stockcurve</Filter>
    </None>
    <None Include="assets\images\stockcurve\icon_QuadraticInOut.png">
      <Filter>Assets\images\stockcurve</Filter>
    </None>
    <None Include="assets\images\stockcurve\icon_QuadraticOut.png">
      <Filter>Assets\images\stockcurve</Filter>
    </None>
    <None Include="assets\images\stockcurve\icon_QuarticIn.png">
      <Filter>Assets\images\stockcurve</Filter>
    </None>
    <None Include="assets\images\stockcurve\icon_QuarticInOut.png">
      <Filter>Assets\images\stockcurve</Filter>
    </None>
    <None Include="assets\images\stockcurve\icon_QuarticOut.png">
      <Filter>Assets\images\stockcurve</Filter>
    </None>
    <None Include="assets\images\stockcurve\icon_QuinticIn.png">
      <Filter>Assets\images\stockcurve</Filter>
    </None>
    <None Include="assets\images\stockcurve\icon_QuinticInOut.png">
      <Filter>Assets\images\stockcurve</Filter>
    </None>
    <None Include="assets\images\stockcurve\icon_QuinticOut.png">
      <Filter>Assets\images\stockcurve</Filter>
    </None>
    <None Include="assets\images\stockcurve\icon_SineIn.png">
      <Filter>Assets\images\stockcurve</Filter>
    </None>
    <None Include="assets\images\stockcurve\icon_SineInOut.png">
      <Filter>Assets\images\stockcurve</Filter>
    </None>
    <None Include="assets\images\stockcurve\icon_SineOut.png">
      <Filter>Assets\images\stockcurve</Filter>
    </None>
    <None Include="assets\models\custompickermodel.xml">
      <Filter>Assets\models</Filter>
    </None>
    <None Include="assets\models\sheetmodel.xml">
      <Filter>Assets\models</Filter>
    </None>
    <None Include="translations\cascadescookbookcpp.pro">
      <Filter>Translations</Filter>
    </None>
    <None Include="translations\cascadescookbookcpp.ts">
      <Filter>Translations</Filter>
    </None>
    <None Include="translations\Makefile">
      <Filter>Translations</Filter>
    </None>
  </ItemGroup>
  <ItemGroup>
    <ClInclude Include="precompiled.h">
      <Filter>Source Files</Filter>
    </ClInclude>
    <ClInclude Include="src\cascadescookbookapp.h">
      <Filter>Source Files</Filter>
    </ClInclude>
    <ClInclude Include="src\recipeitem.h">
      <Filter>Source Files</Filter>
    </ClInclude>
    <ClInclude Include="src\recipeitemfactory.h">
      <Filter>Source Files</Filter>
    </ClInclude>
    <ClInclude Include="src\uivalues.h">
      <Filter>Source Files</Filter>
    </ClInclude>
    <ClInclude Include="src\recipes\accessabilityrecipe.h">
      <Filter>Source Files\recipes</Filter>
    </ClInclude>
    <ClInclude Include="src\recipes\animationrecipe.h">
      <Filter>Source Files\recipes</Filter>
    </ClInclude>
    <ClInclude Include="src\recipes\buttonrecipe.h">
      <Filter>Source Files\recipes</Filter>
    </ClInclude>
    <ClInclude Include="src\recipes\colorrecipe.h">
      <Filter>Source Files\recipes</Filter>
    </ClInclude>
    <ClInclude Include="src\recipes\datetimepickerrecipe.h">
      <Filter>Source Files\recipes</Filter>
    </ClInclude>
    <ClInclude Include="src\recipes\docklayoutrecipe.h">
      <Filter>Source Files\recipes</Filter>
    </ClInclude>
    <ClInclude Include="src\recipes\dropdownrecipe.h">
      <Filter>Source Files\recipes</Filter>
    </ClInclude>
    <ClInclude Include="src\recipes\gesturehandlerrecipe.h">
      <Filter>Source Files\recipes</Filter>
    </ClInclude>
    <ClInclude Include="src\recipes\gridlayoutrecipe.h">
      <Filter>Source Files\recipes</Filter>
    </ClInclude>
    <ClInclude Include="src\recipes\imagepaintrecipe.h">
      <Filter>Source Files\recipes</Filter>
    </ClInclude>
    <ClInclude Include="src\recipes\imagerecipe.h">
      <Filter>Source Files\recipes</Filter>
    </ClInclude>
    <ClInclude Include="src\recipes\inputrecipe.h">
      <Filter>Source Files\recipes</Filter>
    </ClInclude>
    <ClInclude Include="src\recipes\intro.h">
      <Filter>Source Files\recipes</Filter>
    </ClInclude>
    <ClInclude Include="src\recipes\invocationrecipe.h">
      <Filter>Source Files\recipes</Filter>
    </ClInclude>
    <ClInclude Include="src\recipes\menurecipe.h">
      <Filter>Source Files\recipes</Filter>
    </ClInclude>
    <ClInclude Include="src\recipes\nineslicerecipe.h">
      <Filter>Source Files\recipes</Filter>
    </ClInclude>
    <ClInclude Include="src\recipes\orientationrecipe.h">
      <Filter>Source Files\recipes</Filter>
    </ClInclude>
    <ClInclude Include="src\recipes\pixelbufferrecipe.h">
      <Filter>Source Files\recipes</Filter>
    </ClInclude>
    <ClInclude Include="src\recipes\progressindicatorrecipe.h">
      <Filter>Source Files\recipes</Filter>
    </ClInclude>
    <ClInclude Include="src\recipes\richtextrecipe.h">
      <Filter>Source Files\recipes</Filter>
    </ClInclude>
    <ClInclude Include="src\recipes\segmentedcontrolrecipe.h">
      <Filter>Source Files\recipes</Filter>
    </ClInclude>
    <ClInclude Include="src\recipes\shortcutrecipe.h">
      <Filter>Source Files\recipes</Filter>
    </ClInclude>
    <ClInclude Include="src\recipes\sliderrecipe.h">
      <Filter>Source Files\recipes</Filter>
    </ClInclude>
    <ClInclude Include="src\recipes\textstylerecipe.h">
      <Filter>Source Files\recipes</Filter>
    </ClInclude>
    <ClInclude Include="src\recipes\themeswitchrecipe.h">
      <Filter>Source Files\recipes</Filter>
    </ClInclude>
    <ClInclude Include="src\recipes\webviewrecipe.h">
      <Filter>Source Files\recipes</Filter>
    </ClInclude>
    <ClInclude Include="src\recipes\activityindicatorrecipe\activityindicatorrecipe.h">
      <Filter>Source Files\recipes\activityindicatorrecipe</Filter>
    </ClInclude>
    <ClInclude Include="src\recipes\activityindicatorrecipe\inlineactivityindicator.h">
      <Filter>Source Files\recipes\activityindicatorrecipe</Filter>
    </ClInclude>
    <ClInclude Include="src\recipes\customdialogrecipe\customdialogalarm.h">
      <Filter>Source Files\recipes\customdialogrecipe</Filter>
    </ClInclude>
    <ClInclude Include="src\recipes\customdialogrecipe\customdialogrecipe.h">
      <Filter>Source Files\recipes\customdialogrecipe</Filter>
    </ClInclude>
    <ClInclude Include="src\recipes\custompickerrecipe\customitemprovider.h">
      <Filter>Source Files\recipes\custompickerrecipe</Filter>
    </ClInclude>
    <ClInclude Include="src\recipes\custompickerrecipe\custompickerrecipe.h">
      <Filter>Source Files\recipes\custompickerrecipe</Filter>
    </ClInclude>
    <ClInclude Include="src\recipes\selectionrecipe\selection.h">
      <Filter>Source Files\recipes\selectionrecipe</Filter>
    </ClInclude>
    <ClInclude Include="src\recipes\selectionrecipe\selectioncheckbox.h">
      <Filter>Source Files\recipes\selectionrecipe</Filter>
    </ClInclude>
    <ClInclude Include="src\recipes\sheetrecipe\fruititem.h">
      <Filter>Source Files\recipes\sheetrecipe</Filter>
    </ClInclude>
    <ClInclude Include="src\recipes\sheetrecipe\fruititemprovider.h">
      <Filter>Source Files\recipes\sheetrecipe</Filter>
    </ClInclude>
    <ClInclude Include="src\recipes\sheetrecipe\sheetrecipe.h">
      <Filter>Source Files\recipes\sheetrecipe</Filter>
    </ClInclude>
    <ClInclude Include="src\recipes\stockcurverecipe\stockcurvelist.h">
      <Filter>Source Files\recipes\stockcurverecipe</Filter>
    </ClInclude>
    <ClInclude Include="src\recipes\stockcurverecipe\stockcurvelistitem.h">
      <Filter>Source Files\recipes\stockcurverecipe</Filter>
    </ClInclude>
    <ClInclude Include="src\recipes\stockcurverecipe\stockcurvelistitemprovider.h">
      <Filter>Source Files\recipes\stockcurverecipe</Filter>
    </ClInclude>
    <ClInclude Include="src\recipes\stockcurverecipe\stockcurverecipe.h">
      <Filter>Source Files\recipes\stockcurverecipe</Filter>
    </ClInclude>
  </ItemGroup>
  <ItemGroup>
    <ClCompile Include="src\cascadescookbookapp.cpp">
      <Filter>Source Files</Filter>
    </ClCompile>
    <ClCompile Include="src\main.cpp">
      <Filter>Source Files</Filter>
    </ClCompile>
    <ClCompile Include="src\recipeitem.cpp">
      <Filter>Source Files</Filter>
    </ClCompile>
    <ClCompile Include="src\recipeitemfactory.cpp">
      <Filter>Source Files</Filter>
    </ClCompile>
    <ClCompile Include="src\uivalues.cpp">
      <Filter>Source Files</Filter>
    </ClCompile>
    <ClCompile Include="src\recipes\accessabilityrecipe.cpp">
      <Filter>Source Files\recipes</Filter>
    </ClCompile>
    <ClCompile Include="src\recipes\animationrecipe.cpp">
      <Filter>Source Files\recipes</Filter>
    </ClCompile>
    <ClCompile Include="src\recipes\buttonrecipe.cpp">
      <Filter>Source Files\recipes</Filter>
    </ClCompile>
    <ClCompile Include="src\recipes\colorrecipe.cpp">
      <Filter>Source Files\recipes</Filter>
    </ClCompile>
    <ClCompile Include="src\recipes\datetimepickerrecipe.cpp">
      <Filter>Source Files\recipes</Filter>
    </ClCompile>
    <ClCompile Include="src\recipes\docklayoutrecipe.cpp">
      <Filter>Source Files\recipes</Filter>
    </ClCompile>
    <ClCompile Include="src\recipes\dropdownrecipe.cpp">
      <Filter>Source Files\recipes</Filter>
    </ClCompile>
    <ClCompile Include="src\recipes\gesturehandlerrecipe.cpp">
      <Filter>Source Files\recipes</Filter>
    </ClCompile>
    <ClCompile Include="src\recipes\gridlayoutrecipe.cpp">
      <Filter>Source Files\recipes</Filter>
    </ClCompile>
    <ClCompile Include="src\recipes\imagepaintrecipe.cpp">
      <Filter>Source Files\recipes</Filter>
    </ClCompile>
    <ClCompile Include="src\recipes\imagerecipe.cpp">
      <Filter>Source Files\recipes</Filter>
    </ClCompile>
    <ClCompile Include="src\recipes\inputrecipe.cpp">
      <Filter>Source Files\recipes</Filter>
    </ClCompile>
    <ClCompile Include="src\recipes\intro.cpp">
      <Filter>Source Files\recipes</Filter>
    </ClCompile>
    <ClCompile Include="src\recipes\invocationrecipe.cpp">
      <Filter>Source Files\recipes</Filter>
    </ClCompile>
    <ClCompile Include="src\recipes\menurecipe.cpp">
      <Filter>Source Files\recipes</Filter>
    </ClCompile>
    <ClCompile Include="src\recipes\nineslicerecipe.cpp">
      <Filter>Source Files\recipes</Filter>
    </ClCompile>
    <ClCompile Include="src\recipes\orientationrecipe.cpp">
      <Filter>Source Files\recipes</Filter>
    </ClCompile>
    <ClCompile Include="src\recipes\pixelbufferrecipe.cpp">
      <Filter>Source Files\recipes</Filter>
    </ClCompile>
    <ClCompile Include="src\recipes\progressindicatorrecipe.cpp">
      <Filter>Source Files\recipes</Filter>
    </ClCompile>
    <ClCompile Include="src\recipes\richtextrecipe.cpp">
      <Filter>Source Files\recipes</Filter>
    </ClCompile>
    <ClCompile Include="src\recipes\segmentedcontrolrecipe.cpp">
      <Filter>Source Files\recipes</Filter>
    </ClCompile>
    <ClCompile Include="src\recipes\shortcutrecipe.cpp">
      <Filter>Source Files\recipes</Filter>
    </ClCompile>
    <ClCompile Include="src\recipes\sliderrecipe.cpp">
      <Filter>Source Files\recipes</Filter>
    </ClCompile>
    <ClCompile Include="src\recipes\textstylerecipe.cpp">
      <Filter>Source Files\recipes</Filter>
    </ClCompile>
    <ClCompile Include="src\recipes\themeswitchrecipe.cpp">
      <Filter>Source Files\recipes</Filter>
    </ClCompile>
    <ClCompile Include="src\recipes\webviewrecipe.cpp">
      <Filter>Source Files\recipes</Filter>
    </ClCompile>
    <ClCompile Include="src\recipes\activityindicatorrecipe\activityindicatorrecipe.cpp">
      <Filter>Source Files\recipes\activityindicatorrecipe</Filter>
    </ClCompile>
    <ClCompile Include="src\recipes\activityindicatorrecipe\inlineactivityindicator.cpp">
      <Filter>Source Files\recipes\activityindicatorrecipe</Filter>
    </ClCompile>
    <ClCompile Include="src\recipes\customdialogrecipe\customdialogalarm.cpp">
      <Filter>Source Files\recipes\customdialogrecipe</Filter>
    </ClCompile>
    <ClCompile Include="src\recipes\customdialogrecipe\customdialogrecipe.cpp">
      <Filter>Source Files\recipes\customdialogrecipe</Filter>
    </ClCompile>
    <ClCompile Include="src\recipes\custompickerrecipe\customitemprovider.cpp">
      <Filter>Source Files\recipes\custompickerrecipe</Filter>
    </ClCompile>
    <ClCompile Include="src\recipes\custompickerrecipe\custompickerrecipe.cpp">
      <Filter>Source Files\recipes\custompickerrecipe</Filter>
    </ClCompile>
    <ClCompile Include="src\recipes\selectionrecipe\selection.cpp">
      <Filter>Source Files\recipes\selectionrecipe</Filter>
    </ClCompile>
    <ClCompile Include="src\recipes\selectionrecipe\selectioncheckbox.cpp">
      <Filter>Source Files\recipes\selectionrecipe</Filter>
    </ClCompile>
    <ClCompile Include="src\recipes\sheetrecipe\fruititem.cpp">
      <Filter>Source Files\recipes\sheetrecipe</Filter>
    </ClCompile>
    <ClCompile Include="src\recipes\sheetrecipe\fruittemprovider.cpp">
      <Filter>Source Files\recipes\sheetrecipe</Filter>
    </ClCompile>
    <ClCompile Include="src\recipes\sheetrecipe\sheetrecipe.cpp">
      <Filter>Source Files\recipes\sheetrecipe</Filter>
    </ClCompile>
    <ClCompile Include="src\recipes\stockcurverecipe\stockcurvelist.cpp">
      <Filter>Source Files\recipes\stockcurverecipe</Filter>
    </ClCompile>
    <ClCompile Include="src\recipes\stockcurverecipe\stockcurvelistitem.cpp">
      <Filter>Source Files\recipes\stockcurverecipe</Filter>
    </ClCompile>
    <ClCompile Include="src\recipes\stockcurverecipe\stockcurvelistitemprovider.cpp">
      <Filter>Source Files\recipes\stockcurverecipe</Filter>
    </ClCompile>
    <ClCompile Include="src\recipes\stockcurverecipe\stockcurverecipe.cpp">
      <Filter>Source Files\recipes\stockcurverecipe</Filter>
    </ClCompile>
  </ItemGroup>
</Project>