<?xml version="1.0" encoding="utf-8"?>
<Project ToolsVersion="4.0" xmlns="http://schemas.microsoft.com/developer/msbuild/2003">
  <ItemGroup>
    <Filter Include="Assets">
      <UniqueIdentifier>{3782bf26-e86b-4bc9-9679-38ac3f9b4593}</UniqueIdentifier>
      <Extensions>qml;js;qmljs;jpg;png;gif;bmp;ico;amd;wav;mp3;mp4</Extensions>
    </Filter>
    <Filter Include="Config Files">
      <UniqueIdentifier>{5889a05e-9ef1-4403-b7a3-42f0e69d263b}</UniqueIdentifier>
      <Extensions>pri;pro;mk;properties;project;cproject;xml;xsd;bat;cmd;ps;ps1</Extensions>
    </Filter>
    <Filter Include="Source Files">
      <UniqueIdentifier>{8ddd8ca8-6ff0-4c52-bf7e-bf241c192869}</UniqueIdentifier>
      <Extensions>cpp;c;cc;cxx;asm;h;hpp;hxx;hm;def;inl;inc</Extensions>
    </Filter>
    <Filter Include="Translations">
      <UniqueIdentifier>{154607ca-fb9c-4a65-bd84-2e13602e02f0}</UniqueIdentifier>
      <Extensions>ts;qm</Extensions>
    </Filter>
    <Filter Include="Assets\images">
      <UniqueIdentifier>{1d456928-5572-4b6c-b365-dafb016c22cf}</UniqueIdentifier>
    </Filter>
    <Filter Include="Assets\mindw120h120du">
      <UniqueIdentifier>{c3c6640a-dc85-43d7-92b2-ac8c2ef0bdae}</UniqueIdentifier>
    </Filter>
  </ItemGroup>
  <ItemGroup>
    <None Include="bar-descriptor.xml">
      <Filter>Config Files</Filter>
    </None>
    <None Include="bpstoqml.pro">
      <Filter>Config Files</Filter>
    </None>
    <None Include="config.pri">
      <Filter>Config Files</Filter>
    </None>
    <None Include="device-assets.xml">
      <Filter>Config Files</Filter>
    </None>
    <None Include="icon.png">
      <Filter>Assets</Filter>
    </None>
    <None Include="LICENSE" />
    <None Include="Makefile" />
    <None Include="NOTICE" />
    <None Include="README.md" />
    <None Include="assets\AlertSign.qml">
      <Filter>Assets</Filter>
    </None>
    <None Include="assets\CloudButton.qml">
      <Filter>Assets</Filter>
    </None>
    <None Include="assets\main.qml">
      <Filter>Assets</Filter>
    </None>
    <None Include="assets\StatusBar.qml">
      <Filter>Assets</Filter>
    </None>
    <None Include="assets\StatusBarLabel.qml">
      <Filter>Assets</Filter>
    </None>
    <None Include="assets\images\Cloud1.png">
      <Filter>Assets\images</Filter>
    </None>
    <None Include="assets\images\Cloud1_shadow.png">
      <Filter>Assets\images</Filter>
    </None>
    <None Include="assets\images\Cloud2.png">
      <Filter>Assets\images</Filter>
    </None>
    <None Include="assets\images\Cloud2_shadow.png">
      <Filter>Assets\images</Filter>
    </None>
    <None Include="assets\images\Cloud3.png">
      <Filter>Assets\images</Filter>
    </None>
    <None Include="assets\images\Cloud3_shadow.png">
      <Filter>Assets\images</Filter>
    </None>
    <None Include="assets\images\Hills.png">
      <Filter>Assets\images</Filter>
    </None>
    <None Include="assets\images\Sign.png">
      <Filter>Assets\images</Filter>
    </None>
    <None Include="assets\images\Sky.png">
      <Filter>Assets\images</Filter>
    </None>
    <None Include="assets\mindw120h120du\AlertSign.qml">
      <Filter>Assets\mindw120h120du</Filter>
    </None>
    <None Include="assets\mindw120h120du\CloudButton.qml">
      <Filter>Assets\mindw120h120du</Filter>
    </None>
    <None Include="assets\mindw120h120du\main.qml">
      <Filter>Assets\mindw120h120du</Filter>
    </None>
    <None Include="assets\mindw120h120du\StatusBar.qml">
      <Filter>Assets\mindw120h120du</Filter>
    </None>
    <None Include="assets\mindw120h120du\StatusBarLabel.qml">
      <Filter>Assets\mindw120h120du</Filter>
    </None>
    <None Include="translations\bpstoqml.pro">
      <Filter>Translations</Filter>
    </None>
    <None Include="translations\bpstoqml.ts">
      <Filter>Translations</Filter>
    </None>
    <None Include="translations\Makefile">
      <Filter>Translations</Filter>
    </None>
  </ItemGroup>
  <ItemGroup>
    <ClCompile Include="src\AbstractSensorService.cpp">
      <Filter>Source Files</Filter>
    </ClCompile>
    <ClCompile Include="src\AccelerometerService.cpp">
      <Filter>Source Files</Filter>
    </ClCompile>
    <ClCompile Include="src\AzimuthPitchRollService.cpp">
      <Filter>Source Files</Filter>
    </ClCompile>
    <ClCompile Include="src\BPSEventHandler.cpp">
      <Filter>Source Files</Filter>
    </ClCompile>
    <ClCompile Include="src\BPSMonitor.cpp">
      <Filter>Source Files</Filter>
    </ClCompile>
    <ClCompile Include="src\GeolocationService.cpp">
      <Filter>Source Files</Filter>
    </ClCompile>
    <ClCompile Include="src\LightService.cpp">
      <Filter>Source Files</Filter>
    </ClCompile>
    <ClCompile Include="src\MagnetometerService.cpp">
      <Filter>Source Files</Filter>
    </ClCompile>
    <ClCompile Include="src\ProximityService.cpp">
      <Filter>Source Files</Filter>
    </ClCompile>
    <ClCompile Include="src\smartsignals.cpp">
      <Filter>Source Files</Filter>
    </ClCompile>
    <ClCompile Include="src\SmartSignalsApp.cpp">
      <Filter>Source Files</Filter>
    </ClCompile>
    <ClCompile Include="src\VirtualKeyboardService.cpp">
      <Filter>Source Files</Filter>
    </ClCompile>
  </ItemGroup>
  <ItemGroup>
    <ClInclude Include="src\AbstractSensorService.hpp">
      <Filter>Source Files</Filter>
    </ClInclude>
    <ClInclude Include="src\AccelerometerService.hpp">
      <Filter>Source Files</Filter>
    </ClInclude>
    <ClInclude Include="src\AzimuthPitchRollService.hpp">
      <Filter>Source Files</Filter>
    </ClInclude>
    <ClInclude Include="src\BlackBerryPlatformService.hpp">
      <Filter>Source Files</Filter>
    </ClInclude>
    <ClInclude Include="src\BPSEventHandler.hpp">
      <Filter>Source Files</Filter>
    </ClInclude>
    <ClInclude Include="src\BPSMonitor.hpp">
      <Filter>Source Files</Filter>
    </ClInclude>
    <ClInclude Include="src\GeolocationService.hpp">
      <Filter>Source Files</Filter>
    </ClInclude>
    <ClInclude Include="src\LightService.hpp">
      <Filter>Source Files</Filter>
    </ClInclude>
    <ClInclude Include="src\MagnetometerService.hpp">
      <Filter>Source Files</Filter>
    </ClInclude>
    <ClInclude Include="src\ProximityService.hpp">
      <Filter>Source Files</Filter>
    </ClInclude>
    <ClInclude Include="src\SmartSignalsApp.hpp">
      <Filter>Source Files</Filter>
    </ClInclude>
    <ClInclude Include="src\VirtualKeyboardService.hpp">
      <Filter>Source Files</Filter>
    </ClInclude>
  </ItemGroup>
</Project>