<?xml version="1.0" encoding="utf-8"?>
<Project ToolsVersion="4.0" xmlns="http://schemas.microsoft.com/developer/msbuild/2003">
  <ItemGroup>
    <Filter Include="Assets">
      <UniqueIdentifier>{aa37a451-126f-46b1-a3e2-884824b2b85f}</UniqueIdentifier>
      <Extensions>qml;js;qmljs;jpg;png;gif;bmp;ico;amd;wav;mp3;mp4</Extensions>
    </Filter>
    <Filter Include="Config Files">
      <UniqueIdentifier>{7c043242-7d76-4cea-933e-ef46b7175515}</UniqueIdentifier>
      <Extensions>pri;pro;mk;properties;project;cproject;xml;xsd;bat;cmd;ps;ps1</Extensions>
    </Filter>
    <Filter Include="Source Files">
      <UniqueIdentifier>{1e11aa36-9af3-4d90-8b91-fa82d1bde2fc}</UniqueIdentifier>
      <Extensions>cpp;c;cc;cxx;asm;h;hpp;hxx;hm;def;inl;inc</Extensions>
    </Filter>
    <Filter Include="Translations">
      <UniqueIdentifier>{79ffba57-82eb-4212-9f2f-3d601a8f0415}</UniqueIdentifier>
      <Extensions>ts;qm</Extensions>
    </Filter>
    <Filter Include="Assets\images">
      <UniqueIdentifier>{1cd914ee-cdd0-4e1c-a643-6b837cdc1b86}</UniqueIdentifier>
    </Filter>
    <Filter Include="Assets\mindw120h120du">
      <UniqueIdentifier>{6206107a-b3d3-4682-b618-76f80cb79ff7}</UniqueIdentifier>
    </Filter>
    <Filter Include="Assets\mindw90h90du">
      <UniqueIdentifier>{fcc51aa6-b4b7-4d03-be3c-477615429e7e}</UniqueIdentifier>
    </Filter>
  </ItemGroup>
  <ItemGroup>
    <None Include="bar-descriptor.xml">
      <Filter>Config Files</Filter>
    </None>
    <None Include="config.pri">
      <Filter>Config Files</Filter>
    </None>
    <None Include="icon.png">
      <Filter>Assets</Filter>
    </None>
    <None Include="LICENSE" />
    <None Include="Makefile" />
    <None Include="readme.txt" />
    <None Include="xandos.pro">
      <Filter>Config Files</Filter>
    </None>
    <None Include="assets\.assets.index">
      <Filter>Assets</Filter>
    </None>
    <None Include="assets\main.qml">
      <Filter>Assets</Filter>
    </None>
    <None Include="assets\images\background.png">
      <Filter>Assets\images</Filter>
    </None>
    <None Include="assets\images\blank.png">
      <Filter>Assets\images</Filter>
    </None>
    <None Include="assets\images\grid.png">
      <Filter>Assets\images</Filter>
    </None>
    <None Include="assets\images\grid_start.png">
      <Filter>Assets\images</Filter>
    </None>
    <None Include="assets\images\o.png">
      <Filter>Assets\images</Filter>
    </None>
    <None Include="assets\images\x.png">
      <Filter>Assets\images</Filter>
    </None>
    <None Include="assets\mindw120h120du\main.qml">
      <Filter>Assets\mindw120h120du</Filter>
    </None>
    <None Include="assets\mindw90h90du\main.qml">
      <Filter>Assets\mindw90h90du</Filter>
    </None>
    <None Include="translations\Makefile">
      <Filter>Translations</Filter>
    </None>
    <None Include="translations\xandos.pro">
      <Filter>Translations</Filter>
    </None>
    <None Include="translations\xandos.ts">
      <Filter>Translations</Filter>
    </None>
  </ItemGroup>
  <ItemGroup>
    <ClInclude Include="precompiled.h">
      <Filter>Source Files</Filter>
    </ClInclude>
    <ClInclude Include="src\applicationui.hpp">
      <Filter>Source Files</Filter>
    </ClInclude>
    <ClInclude Include="src\droidlistener.hpp">
      <Filter>Source Files</Filter>
    </ClInclude>
    <ClInclude Include="src\xandos.hpp">
      <Filter>Source Files</Filter>
    </ClInclude>
  </ItemGroup>
  <ItemGroup>
    <ClCompile Include="src\applicationui.cpp">
      <Filter>Source Files</Filter>
    </ClCompile>
    <ClCompile Include="src\droidlistener.cpp">
      <Filter>Source Files</Filter>
    </ClCompile>
    <ClCompile Include="src\main.cpp">
      <Filter>Source Files</Filter>
    </ClCompile>
    <ClCompile Include="src\xandos.cpp">
      <Filter>Source Files</Filter>
    </ClCompile>
  </ItemGroup>
</Project>