<?xml version="1.0" encoding="utf-8"?>
<Project ToolsVersion="4.0" xmlns="http://schemas.microsoft.com/developer/msbuild/2003">
  <ItemGroup>
    <Filter Include="Assets">
      <UniqueIdentifier>{307c71fc-9758-4d77-91e7-5a592bacc41c}</UniqueIdentifier>
      <Extensions>qml;js;qmljs;jpg;png;gif;bmp;ico;amd;wav;mp3;mp4</Extensions>
    </Filter>
    <Filter Include="Config Files">
      <UniqueIdentifier>{f70396cd-8fd1-4e98-b60b-327e020f5dad}</UniqueIdentifier>
      <Extensions>pri;pro;mk;properties;project;cproject;xml;xsd;bat;cmd;ps;ps1</Extensions>
    </Filter>
    <Filter Include="Source Files">
      <UniqueIdentifier>{8c96ff4d-4a59-48af-9926-9b20c66840b1}</UniqueIdentifier>
      <Extensions>cpp;c;cc;cxx;asm;h;hpp;hxx;hm;def;inl;inc</Extensions>
    </Filter>
    <Filter Include="Translations">
      <UniqueIdentifier>{3d890224-0a46-4415-a6cc-9460157c9236}</UniqueIdentifier>
      <Extensions>ts;qm</Extensions>
    </Filter>
    <Filter Include="Assets\images">
      <UniqueIdentifier>{bc64fd7c-a106-419f-ae3e-64a751dcd48d}</UniqueIdentifier>
    </Filter>
    <Filter Include="Source Files\bbm">
      <UniqueIdentifier>{f914f7b3-3c4c-40be-af45-b65d1bd037e1}</UniqueIdentifier>
    </Filter>
  </ItemGroup>
  <ItemGroup>
    <None Include="bar-descriptor.xml">
      <Filter>Config Files</Filter>
    </None>
    <None Include="Boilerplate_Cascades.pro">
      <Filter>Config Files</Filter>
    </None>
    <None Include="config.pri">
      <Filter>Config Files</Filter>
    </None>
    <None Include="LICENSE" />
    <None Include="Makefile" />
    <None Include="README.md" />
    <None Include="assets\.assets.index">
      <Filter>Assets</Filter>
    </None>
    <None Include="assets\AppCover.qml">
      <Filter>Assets</Filter>
    </None>
    <None Include="assets\BBM.qml">
      <Filter>Assets</Filter>
    </None>
    <None Include="assets\HelpSheet.qml">
      <Filter>Assets</Filter>
    </None>
    <None Include="assets\Home.qml">
      <Filter>Assets</Filter>
    </None>
    <None Include="assets\Invoke.qml">
      <Filter>Assets</Filter>
    </None>
    <None Include="assets\main.qml">
      <Filter>Assets</Filter>
    </None>
    <None Include="assets\SettingsSheet.qml">
      <Filter>Assets</Filter>
    </None>
    <None Include="assets\Spinners.qml">
      <Filter>Assets</Filter>
    </None>
    <None Include="assets\Toasts.qml">
      <Filter>Assets</Filter>
    </None>
    <None Include="assets\images\bbm.png">
      <Filter>Assets\images</Filter>
    </None>
    <None Include="assets\images\bbworld.png">
      <Filter>Assets\images</Filter>
    </None>
    <None Include="assets\images\cover.png">
      <Filter>Assets\images</Filter>
    </None>
    <None Include="assets\images\filepicker.png">
      <Filter>Assets\images</Filter>
    </None>
    <None Include="assets\images\home.png">
      <Filter>Assets\images</Filter>
    </None>
    <None Include="assets\images\icon.png">
      <Filter>Assets\images</Filter>
    </None>
    <None Include="assets\images\invite.png">
      <Filter>Assets\images</Filter>
    </None>
    <None Include="assets\images\share.png">
      <Filter>Assets\images</Filter>
    </None>
    <None Include="assets\images\spinner.png">
      <Filter>Assets\images</Filter>
    </None>
    <None Include="assets\images\splash-1280x720.png">
      <Filter>Assets\images</Filter>
    </None>
    <None Include="assets\images\splash-1280x768.png">
      <Filter>Assets\images</Filter>
    </None>
    <None Include="assets\images\splash-720x720.png">
      <Filter>Assets\images</Filter>
    </None>
    <None Include="assets\images\toast.png">
      <Filter>Assets\images</Filter>
    </None>
    <None Include="assets\images\update.png">
      <Filter>Assets\images</Filter>
    </None>
    <None Include="translations\Boilerplate_Cascades.pro">
      <Filter>Translations</Filter>
    </None>
    <None Include="translations\Boilerplate_Cascades.qm">
      <Filter>Translations</Filter>
    </None>
    <None Include="translations\Boilerplate_Cascades.ts">
      <Filter>Translations</Filter>
    </None>
    <None Include="translations\Makefile">
      <Filter>Translations</Filter>
    </None>
    <None Include="_screenshots\bbm.png">
      <Filter>Assets</Filter>
    </None>
    <None Include="_screenshots\invoke.png">
      <Filter>Assets</Filter>
    </None>
    <None Include="_screenshots\spinners.png">
      <Filter>Assets</Filter>
    </None>
    <None Include="_screenshots\tabs.png">
      <Filter>Assets</Filter>
    </None>
  </ItemGroup>
  <ItemGroup>
    <ClInclude Include="precompiled.h">
      <Filter>Source Files</Filter>
    </ClInclude>
    <ClInclude Include="src\activeFrameQML.h">
      <Filter>Source Files</Filter>
    </ClInclude>
    <ClInclude Include="src\applicationui.hpp">
      <Filter>Source Files</Filter>
    </ClInclude>
    <ClInclude Include="src\bbm\BBMHandler.hpp">
      <Filter>Source Files\bbm</Filter>
    </ClInclude>
  </ItemGroup>
  <ItemGroup>
    <ClCompile Include="src\activeFrameQML.cpp">
      <Filter>Source Files</Filter>
    </ClCompile>
    <ClCompile Include="src\applicationui.cpp">
      <Filter>Source Files</Filter>
    </ClCompile>
    <ClCompile Include="src\main.cpp">
      <Filter>Source Files</Filter>
    </ClCompile>
    <ClCompile Include="src\bbm\BBMHandler.cpp">
      <Filter>Source Files\bbm</Filter>
    </ClCompile>
  </ItemGroup>
</Project>