<?xml version="1.0" encoding="utf-8"?>
<Project ToolsVersion="4.0" xmlns="http://schemas.microsoft.com/developer/msbuild/2003">
  <ItemGroup>
    <Filter Include="Assets">
      <UniqueIdentifier>{dd2b0c3f-6d43-4586-8646-997afda28fff}</UniqueIdentifier>
      <Extensions>qml;js;qmljs;jpg;png;gif;bmp;ico;amd;wav;mp3;mp4</Extensions>
    </Filter>
    <Filter Include="Config Files">
      <UniqueIdentifier>{ce78ce26-2469-458e-8bd3-e753018ac41f}</UniqueIdentifier>
      <Extensions>pri;pro;mk;properties;project;cproject;xml;xsd;bat;cmd;ps;ps1</Extensions>
    </Filter>
    <Filter Include="Source Files">
      <UniqueIdentifier>{39b78026-ef22-4ed3-bdcd-20789e4355e6}</UniqueIdentifier>
      <Extensions>cpp;c;cc;cxx;asm;h;hpp;hxx;hm;def;inl;inc</Extensions>
    </Filter>
    <Filter Include="Translations">
      <UniqueIdentifier>{dedf4444-c46a-4356-9724-eb9630267613}</UniqueIdentifier>
      <Extensions>ts;qm</Extensions>
    </Filter>
    <Filter Include="Assets\9ppd">
      <UniqueIdentifier>{24483d67-f18f-4157-a0ba-028ebd4d63c2}</UniqueIdentifier>
    </Filter>
    <Filter Include="Assets\9ppd\images">
      <UniqueIdentifier>{64f575c4-e30f-4ead-9873-74d233c04712}</UniqueIdentifier>
    </Filter>
    <Filter Include="Assets\Common">
      <UniqueIdentifier>{172f4e76-c982-4ed7-98e8-7ec6bc100365}</UniqueIdentifier>
    </Filter>
    <Filter Include="Assets\History">
      <UniqueIdentifier>{425a2017-97fe-41c8-8f37-fed35240f3ec}</UniqueIdentifier>
    </Filter>
    <Filter Include="Assets\images">
      <UniqueIdentifier>{cb82d3e8-c5aa-4cef-bfeb-ef0012fc8c31}</UniqueIdentifier>
    </Filter>
    <Filter Include="Assets\models">
      <UniqueIdentifier>{26fc8a69-68f8-4780-8d84-118aa614c6e9}</UniqueIdentifier>
    </Filter>
    <Filter Include="Assets\Rundgang">
      <UniqueIdentifier>{de36ee1a-5590-4eea-b0d8-394ce4f45f92}</UniqueIdentifier>
    </Filter>
    <Filter Include="Source Files\common">
      <UniqueIdentifier>{8f02facc-818e-4cd4-89d0-ef858c6ef665}</UniqueIdentifier>
    </Filter>
    <Filter Include="Source Files\rundgang">
      <UniqueIdentifier>{ef3ed533-ecbe-43e7-a403-47fd490f85c9}</UniqueIdentifier>
    </Filter>
  </ItemGroup>
  <ItemGroup>
    <None Include="bar-descriptor.xml">
      <Filter>Config Files</Filter>
    </None>
    <None Include="config.pri">
      <Filter>Config Files</Filter>
    </None>
    <None Include="icon.png">
      <Filter>Assets</Filter>
    </None>
    <None Include="icon94.png">
      <Filter>Assets</Filter>
    </None>
    <None Include="LICENSE" />
    <None Include="Makefile" />
    <None Include="readme.txt" />
    <None Include="rundgang.pro">
      <Filter>Config Files</Filter>
    </None>
    <None Include="splash_1280x720.jpg">
      <Filter>Assets</Filter>
    </None>
    <None Include="splash_1280x768.jpg">
      <Filter>Assets</Filter>
    </None>
    <None Include="splash_1440x1440.jpg">
      <Filter>Assets</Filter>
    </None>
    <None Include="splash_720x1280.jpg">
      <Filter>Assets</Filter>
    </None>
    <None Include="splash_720x720.jpg">
      <Filter>Assets</Filter>
    </None>
    <None Include="splash_768x1280.jpg">
      <Filter>Assets</Filter>
    </None>
    <None Include="assets\main.qml">
      <Filter>Assets</Filter>
    </None>
    <None Include="assets\9ppd\images\ic_qr_frame.png">
      <Filter>Assets\9ppd\images</Filter>
    </None>
    <None Include="assets\9ppd\images\ic_rundgang.png">
      <Filter>Assets\9ppd\images</Filter>
    </None>
    <None Include="assets\9ppd\images\ic_text.png">
      <Filter>Assets\9ppd\images</Filter>
    </None>
    <None Include="assets\9ppd\images\rundgang_add_entry.png">
      <Filter>Assets\9ppd\images</Filter>
    </None>
    <None Include="assets\9ppd\images\rundgang_camera.png">
      <Filter>Assets\9ppd\images</Filter>
    </None>
    <None Include="assets\9ppd\images\rundgang_entry.png">
      <Filter>Assets\9ppd\images</Filter>
    </None>
    <None Include="assets\9ppd\images\rundgang_history.png">
      <Filter>Assets\9ppd\images</Filter>
    </None>
    <None Include="assets\9ppd\images\rundgang_microphone.png">
      <Filter>Assets\9ppd\images</Filter>
    </None>
    <None Include="assets\Common\AppCover.qml">
      <Filter>Assets\Common</Filter>
    </None>
    <None Include="assets\Common\AppMenu.qml">
      <Filter>Assets\Common</Filter>
    </None>
    <None Include="assets\Common\HelpPage.qml">
      <Filter>Assets\Common</Filter>
    </None>
    <None Include="assets\Common\SettingsPage.qml">
      <Filter>Assets\Common</Filter>
    </None>
    <None Include="assets\Common\ToggleComponent.qml">
      <Filter>Assets\Common</Filter>
    </None>
    <None Include="assets\History\HistoryDetails.qml">
      <Filter>Assets\History</Filter>
    </None>
    <None Include="assets\History\HistoryItem.qml">
      <Filter>Assets\History</Filter>
    </None>
    <None Include="assets\History\HistoryList.qml">
      <Filter>Assets\History</Filter>
    </None>
    <None Include="assets\History\HistoryTab.qml">
      <Filter>Assets\History</Filter>
    </None>
    <None Include="assets\images\broken.png">
      <Filter>Assets\images</Filter>
    </None>
    <None Include="assets\images\cover_icon.png">
      <Filter>Assets\images</Filter>
    </None>
    <None Include="assets\images\ic_qr_frame.png">
      <Filter>Assets\images</Filter>
    </None>
    <None Include="assets\images\ic_rundgang.png">
      <Filter>Assets\images</Filter>
    </None>
    <None Include="assets\images\ic_text.png">
      <Filter>Assets\images</Filter>
    </None>
    <None Include="assets\images\rundgang_add_entry.png">
      <Filter>Assets\images</Filter>
    </None>
    <None Include="assets\images\rundgang_camera.png">
      <Filter>Assets\images</Filter>
    </None>
    <None Include="assets\images\rundgang_entry.png">
      <Filter>Assets\images</Filter>
    </None>
    <None Include="assets\images\rundgang_history.png">
      <Filter>Assets\images</Filter>
    </None>
    <None Include="assets\images\rundgang_microphone.png">
      <Filter>Assets\images</Filter>
    </None>
    <None Include="assets\models\HistoryData.qml">
      <Filter>Assets\models</Filter>
    </None>
    <None Include="assets\models\rundgang.db">
      <Filter>Assets\models</Filter>
    </None>
    <None Include="assets\models\TopicData.qml">
      <Filter>Assets\models</Filter>
    </None>
    <None Include="assets\models\TopicDataSheet.qml">
      <Filter>Assets\models</Filter>
    </None>
    <None Include="assets\Rundgang\AudioPage.qml">
      <Filter>Assets\Rundgang</Filter>
    </None>
    <None Include="assets\Rundgang\CurrentTopic.qml">
      <Filter>Assets\Rundgang</Filter>
    </None>
    <None Include="assets\Rundgang\PhotoPage.qml">
      <Filter>Assets\Rundgang</Filter>
    </None>
    <None Include="assets\Rundgang\RundGangTab.qml">
      <Filter>Assets\Rundgang</Filter>
    </None>
    <None Include="assets\Rundgang\TextPage.qml">
      <Filter>Assets\Rundgang</Filter>
    </None>
    <None Include="assets\Rundgang\TopicItem.qml">
      <Filter>Assets\Rundgang</Filter>
    </None>
    <None Include="assets\Rundgang\TopicList.qml">
      <Filter>Assets\Rundgang</Filter>
    </None>
    <None Include="translations\Makefile">
      <Filter>Translations</Filter>
    </None>
    <None Include="translations\rundgang.pro">
      <Filter>Translations</Filter>
    </None>
    <None Include="translations\rundgang.ts">
      <Filter>Translations</Filter>
    </None>
  </ItemGroup>
  <ItemGroup>
    <ClInclude Include="precompiled.h">
      <Filter>Source Files</Filter>
    </ClInclude>
    <ClInclude Include="src\rundgangapp.h">
      <Filter>Source Files</Filter>
    </ClInclude>
    <ClInclude Include="src\common\customsqldatasource.h">
      <Filter>Source Files\common</Filter>
    </ClInclude>
    <ClInclude Include="src\common\emailcontroller.h">
      <Filter>Source Files\common</Filter>
    </ClInclude>
    <ClInclude Include="src\common\globalsettings.h">
      <Filter>Source Files\common</Filter>
    </ClInclude>
    <ClInclude Include="src\rundgang\audiocontroller.h">
      <Filter>Source Files\rundgang</Filter>
    </ClInclude>
    <ClInclude Include="src\rundgang\photocontroller.h">
      <Filter>Source Files\rundgang</Filter>
    </ClInclude>
  </ItemGroup>
  <ItemGroup>
    <ClCompile Include="src\main.cpp">
      <Filter>Source Files</Filter>
    </ClCompile>
    <ClCompile Include="src\rundgangapp.cpp">
      <Filter>Source Files</Filter>
    </ClCompile>
    <ClCompile Include="src\common\customsqldatasource.cpp">
      <Filter>Source Files\common</Filter>
    </ClCompile>
    <ClCompile Include="src\common\emailcontroller.cpp">
      <Filter>Source Files\common</Filter>
    </ClCompile>
    <ClCompile Include="src\common\globalsettings.cpp">
      <Filter>Source Files\common</Filter>
    </ClCompile>
    <ClCompile Include="src\rundgang\audiocontroller.cpp">
      <Filter>Source Files\rundgang</Filter>
    </ClCompile>
    <ClCompile Include="src\rundgang\photocontroller.cpp">
      <Filter>Source Files\rundgang</Filter>
    </ClCompile>
  </ItemGroup>
</Project>