<?xml version="1.0" encoding="utf-8"?>
<Project ToolsVersion="4.0" xmlns="http://schemas.microsoft.com/developer/msbuild/2003">
  <ItemGroup>
    <Filter Include="Assets">
      <UniqueIdentifier>{0cfbad69-09fc-43ea-9994-6aeda3b9d082}</UniqueIdentifier>
      <Extensions>qml;js;qmljs;jpg;png;gif;bmp;ico;amd;wav;mp3;mp4</Extensions>
    </Filter>
    <Filter Include="Config Files">
      <UniqueIdentifier>{743cb784-dae1-46eb-a35a-3eccfe2a60ba}</UniqueIdentifier>
      <Extensions>pri;pro;mk;properties;project;cproject;xml;xsd;bat;cmd;ps;ps1</Extensions>
    </Filter>
    <Filter Include="Source Files">
      <UniqueIdentifier>{31a74034-1727-4d58-a5ae-2f78b2ca5e13}</UniqueIdentifier>
      <Extensions>cpp;c;cc;cxx;asm;h;hpp;hxx;hm;def;inl;inc</Extensions>
    </Filter>
    <Filter Include="Translations">
      <UniqueIdentifier>{bc577de9-a908-403c-8439-830e75334bc9}</UniqueIdentifier>
      <Extensions>ts;qm</Extensions>
    </Filter>
    <Filter Include="Assets\720x1280">
      <UniqueIdentifier>{76ed9c22-8971-4402-81be-40e582a11596}</UniqueIdentifier>
    </Filter>
    <Filter Include="Assets\720x1280\images">
      <UniqueIdentifier>{7b749f6f-ec90-4f51-af9f-fc38569adde1}</UniqueIdentifier>
    </Filter>
    <Filter Include="Assets\720x720">
      <UniqueIdentifier>{22859305-5db9-4d76-b7a8-ec6c474a49ea}</UniqueIdentifier>
    </Filter>
    <Filter Include="Assets\720x720\images">
      <UniqueIdentifier>{6127e06a-9a33-43a9-9827-3b4844d93cf4}</UniqueIdentifier>
    </Filter>
    <Filter Include="Assets\768x1280">
      <UniqueIdentifier>{949f3566-e4fc-465f-a530-c47313153684}</UniqueIdentifier>
    </Filter>
    <Filter Include="Assets\768x1280\images">
      <UniqueIdentifier>{4d67ccd0-c573-4b93-88b1-e9db7324966a}</UniqueIdentifier>
    </Filter>
    <Filter Include="Assets\images">
      <UniqueIdentifier>{345fcd98-24a9-447c-9d67-33846eece245}</UniqueIdentifier>
    </Filter>
    <Filter Include="Source Files\bbm">
      <UniqueIdentifier>{1da17971-78ac-42e7-9985-f5aa5efa492c}</UniqueIdentifier>
    </Filter>
  </ItemGroup>
  <ItemGroup>
    <None Include="bar-descriptor.xml">
      <Filter>Config Files</Filter>
    </None>
    <None Include="config.pri">
      <Filter>Config Files</Filter>
    </None>
    <None Include="HyperLocal_Template.pro">
      <Filter>Config Files</Filter>
    </None>
    <None Include="LICENSE" />
    <None Include="Makefile" />
    <None Include="README.md" />
    <None Include="assets\.assets.index">
      <Filter>Assets</Filter>
    </None>
    <None Include="assets\AppCover.qml">
      <Filter>Assets</Filter>
    </None>
    <None Include="assets\Locations.qml">
      <Filter>Assets</Filter>
    </None>
    <None Include="assets\main.qml">
      <Filter>Assets</Filter>
    </None>
    <None Include="assets\settings.css">
      <Filter>Assets</Filter>
    </None>
    <None Include="assets\settings.json">
      <Filter>Assets</Filter>
    </None>
    <None Include="assets\TemplateActionView.qml">
      <Filter>Assets</Filter>
    </None>
    <None Include="assets\TemplateTabView.qml">
      <Filter>Assets</Filter>
    </None>
    <None Include="assets\WebContainer.qml">
      <Filter>Assets</Filter>
    </None>
    <None Include="assets\720x1280\images\cover.jpg">
      <Filter>Assets\720x1280\images</Filter>
    </None>
    <None Include="assets\720x1280\images\splash-720x1280.jpg">
      <Filter>Assets\720x1280\images</Filter>
    </None>
    <None Include="assets\720x720\images\cover.jpg">
      <Filter>Assets\720x720\images</Filter>
    </None>
    <None Include="assets\720x720\images\splash-720x720.jpg">
      <Filter>Assets\720x720\images</Filter>
    </None>
    <None Include="assets\768x1280\images\cover.jpg">
      <Filter>Assets\768x1280\images</Filter>
    </None>
    <None Include="assets\768x1280\images\splash-768x1280.jpg">
      <Filter>Assets\768x1280\images</Filter>
    </None>
    <None Include="assets\images\about.png">
      <Filter>Assets\images</Filter>
    </None>
    <None Include="assets\images\back.png">
      <Filter>Assets\images</Filter>
    </None>
    <None Include="assets\images\bbm.png">
      <Filter>Assets\images</Filter>
    </None>
    <None Include="assets\images\blog.png">
      <Filter>Assets\images</Filter>
    </None>
    <None Include="assets\images\dev.png">
      <Filter>Assets\images</Filter>
    </None>
    <None Include="assets\images\facebook.png">
      <Filter>Assets\images</Filter>
    </None>
    <None Include="assets\images\foursquare.png">
      <Filter>Assets\images</Filter>
    </None>
    <None Include="assets\images\home.png">
      <Filter>Assets\images</Filter>
    </None>
    <None Include="assets\images\icon.jpg">
      <Filter>Assets\images</Filter>
    </None>
    <None Include="assets\images\invite.png">
      <Filter>Assets\images</Filter>
    </None>
    <None Include="assets\images\navigate.png">
      <Filter>Assets\images</Filter>
    </None>
    <None Include="assets\images\phone.png">
      <Filter>Assets\images</Filter>
    </None>
    <None Include="assets\images\share.png">
      <Filter>Assets\images</Filter>
    </None>
    <None Include="assets\images\twitter.png">
      <Filter>Assets\images</Filter>
    </None>
    <None Include="translations\HyperLocal_Template.pro">
      <Filter>Translations</Filter>
    </None>
    <None Include="translations\HyperLocal_Template.ts">
      <Filter>Translations</Filter>
    </None>
    <None Include="translations\Makefile">
      <Filter>Translations</Filter>
    </None>
  </ItemGroup>
  <ItemGroup>
    <ClInclude Include="precompiled.h">
      <Filter>Source Files</Filter>
    </ClInclude>
    <ClInclude Include="src\activeFrameQML.h">
      <Filter>Source Files</Filter>
    </ClInclude>
    <ClInclude Include="src\applicationui.hpp">
      <Filter>Source Files</Filter>
    </ClInclude>
    <ClInclude Include="src\bbm\BBMHandler.hpp">
      <Filter>Source Files\bbm</Filter>
    </ClInclude>
  </ItemGroup>
  <ItemGroup>
    <ClCompile Include="src\activeFrameQML.cpp">
      <Filter>Source Files</Filter>
    </ClCompile>
    <ClCompile Include="src\applicationui.cpp">
      <Filter>Source Files</Filter>
    </ClCompile>
    <ClCompile Include="src\main.cpp">
      <Filter>Source Files</Filter>
    </ClCompile>
    <ClCompile Include="src\bbm\BBMHandler.cpp">
      <Filter>Source Files\bbm</Filter>
    </ClCompile>
  </ItemGroup>
</Project>