<?xml version="1.0" encoding="utf-8"?>
<Project ToolsVersion="4.0" xmlns="http://schemas.microsoft.com/developer/msbuild/2003">
  <ItemGroup>
    <Filter Include="Assets">
      <UniqueIdentifier>{308ca185-fc2f-447d-9751-da486216105f}</UniqueIdentifier>
      <Extensions>qml;js;qmljs;jpg;png;gif;bmp;ico;amd;wav;mp3;mp4</Extensions>
    </Filter>
    <Filter Include="Config Files">
      <UniqueIdentifier>{9d6237ab-f01d-453c-a921-f6402f1c68b4}</UniqueIdentifier>
      <Extensions>pri;pro;mk;properties;project;cproject;xml;xsd;bat;cmd;ps;ps1</Extensions>
    </Filter>
    <Filter Include="Source Files">
      <UniqueIdentifier>{f58927d6-27d6-4f88-a7b1-1d8bf7eb9ee9}</UniqueIdentifier>
      <Extensions>cpp;c;cc;cxx;asm;h;hpp;hxx;hm;def;inl;inc</Extensions>
    </Filter>
    <Filter Include="Translations">
      <UniqueIdentifier>{82eec1bf-80c3-4774-abce-9868a3b7421e}</UniqueIdentifier>
      <Extensions>ts;qm</Extensions>
    </Filter>
  </ItemGroup>
  <ItemGroup>
    <None Include="bar-descriptor.xml">
      <Filter>Config Files</Filter>
    </None>
    <None Include="config.pri">
      <Filter>Config Files</Filter>
    </None>
    <None Include="device-assets.xml">
      <Filter>Config Files</Filter>
    </None>
    <None Include="DialogSample.pro">
      <Filter>Config Files</Filter>
    </None>
    <None Include="icon.png">
      <Filter>Assets</Filter>
    </None>
    <None Include="LICENSE" />
    <None Include="Makefile" />
    <None Include="README.md" />
    <None Include="readme.txt" />
    <None Include="assets\.assets.index">
      <Filter>Assets</Filter>
    </None>
    <None Include="assets\main.qml">
      <Filter>Assets</Filter>
    </None>
    <None Include="translations\DialogSample.pro">
      <Filter>Translations</Filter>
    </None>
    <None Include="translations\DialogSample.ts">
      <Filter>Translations</Filter>
    </None>
    <None Include="translations\Makefile">
      <Filter>Translations</Filter>
    </None>
  </ItemGroup>
  <ItemGroup>
    <ClInclude Include="precompiled.h">
      <Filter>Source Files</Filter>
    </ClInclude>
    <ClInclude Include="src\AlertDialog.hpp">
      <Filter>Source Files</Filter>
    </ClInclude>
    <ClInclude Include="src\applicationui.hpp">
      <Filter>Source Files</Filter>
    </ClInclude>
    <ClInclude Include="src\ContextMenuDialog.hpp">
      <Filter>Source Files</Filter>
    </ClInclude>
    <ClInclude Include="src\Dialog.hpp">
      <Filter>Source Files</Filter>
    </ClInclude>
    <ClInclude Include="src\LoginDialog.hpp">
      <Filter>Source Files</Filter>
    </ClInclude>
    <ClInclude Include="src\PromptDialog.hpp">
      <Filter>Source Files</Filter>
    </ClInclude>
  </ItemGroup>
  <ItemGroup>
    <ClCompile Include="src\AlertDialog.cpp">
      <Filter>Source Files</Filter>
    </ClCompile>
    <ClCompile Include="src\applicationui.cpp">
      <Filter>Source Files</Filter>
    </ClCompile>
    <ClCompile Include="src\ContextMenuDialog.cpp">
      <Filter>Source Files</Filter>
    </ClCompile>
    <ClCompile Include="src\Dialog.cpp">
      <Filter>Source Files</Filter>
    </ClCompile>
    <ClCompile Include="src\LoginDialog.cpp">
      <Filter>Source Files</Filter>
    </ClCompile>
    <ClCompile Include="src\main.cpp">
      <Filter>Source Files</Filter>
    </ClCompile>
    <ClCompile Include="src\PromptDialog.cpp">
      <Filter>Source Files</Filter>
    </ClCompile>
  </ItemGroup>
</Project>