<?xml version="1.0" encoding="utf-8"?>
<Project ToolsVersion="4.0" xmlns="http://schemas.microsoft.com/developer/msbuild/2003">
  <ItemGroup>
    <Filter Include="Assets">
      <UniqueIdentifier>{c2403560-3bfb-4ec3-b466-2b9b20457bdf}</UniqueIdentifier>
      <Extensions>qml;js;qmljs;jpg;png;gif;bmp;ico;amd;wav;mp3;mp4</Extensions>
    </Filter>
    <Filter Include="Config Files">
      <UniqueIdentifier>{2a9dd881-b244-4d23-96a9-74f2fcb7f6a1}</UniqueIdentifier>
      <Extensions>pri;pro;mk;properties;project;cproject;xml;xsd;bat;cmd;ps;ps1</Extensions>
    </Filter>
    <Filter Include="Source Files">
      <UniqueIdentifier>{c440d794-ccbe-47bc-932a-eff4b90be658}</UniqueIdentifier>
      <Extensions>cpp;c;cc;cxx;asm;h;hpp;hxx;hm;def;inl;inc</Extensions>
    </Filter>
    <Filter Include="Translations">
      <UniqueIdentifier>{c0c8ba34-bfcc-44e6-adda-e2cf2acfb133}</UniqueIdentifier>
      <Extensions>ts;qm</Extensions>
    </Filter>
    <Filter Include="Assets\images">
      <UniqueIdentifier>{ae8d6421-647d-457d-a19d-04bb73e8e4d7}</UniqueIdentifier>
    </Filter>
  </ItemGroup>
  <ItemGroup>
    <None Include="bar-descriptor.xml">
      <Filter>Config Files</Filter>
    </None>
    <None Include="config.pri">
      <Filter>Config Files</Filter>
    </None>
    <None Include="device-assets.xml">
      <Filter>Config Files</Filter>
    </None>
    <None Include="icon.png">
      <Filter>Assets</Filter>
    </None>
    <None Include="invoketarget.pro">
      <Filter>Config Files</Filter>
    </None>
    <None Include="LICENSE" />
    <None Include="Makefile" />
    <None Include="NOTICE" />
    <None Include="README.md" />
    <None Include="readme.txt" />
    <None Include="assets\Composer.qml">
      <Filter>Assets</Filter>
    </None>
    <None Include="assets\LabelLabel.qml">
      <Filter>Assets</Filter>
    </None>
    <None Include="assets\main.qml">
      <Filter>Assets</Filter>
    </None>
    <None Include="assets\Picker.qml">
      <Filter>Assets</Filter>
    </None>
    <None Include="assets\Previewer.qml">
      <Filter>Assets</Filter>
    </None>
    <None Include="assets\images\background.png">
      <Filter>Assets\images</Filter>
    </None>
    <None Include="assets\images\cancel.png">
      <Filter>Assets\images</Filter>
    </None>
    <None Include="assets\images\egg.png">
      <Filter>Assets\images</Filter>
    </None>
    <None Include="assets\images\icon.png">
      <Filter>Assets\images</Filter>
    </None>
    <None Include="assets\images\save.png">
      <Filter>Assets\images</Filter>
    </None>
    <None Include="translations\invoketarget.pro">
      <Filter>Translations</Filter>
    </None>
    <None Include="translations\invoketarget.ts">
      <Filter>Translations</Filter>
    </None>
    <None Include="translations\Makefile">
      <Filter>Translations</Filter>
    </None>
  </ItemGroup>
  <ItemGroup>
    <ClCompile Include="src\app.cpp">
      <Filter>Source Files</Filter>
    </ClCompile>
    <ClCompile Include="src\main.cpp">
      <Filter>Source Files</Filter>
    </ClCompile>
  </ItemGroup>
  <ItemGroup>
    <ClInclude Include="src\app.hpp">
      <Filter>Source Files</Filter>
    </ClInclude>
  </ItemGroup>
</Project>