<?xml version="1.0" encoding="utf-8"?>
<Project ToolsVersion="4.0" xmlns="http://schemas.microsoft.com/developer/msbuild/2003">
  <ItemGroup>
    <Filter Include="Assets">
      <UniqueIdentifier>{36153ee0-ffcb-4cf3-9540-3e220d61bf78}</UniqueIdentifier>
      <Extensions>qml;js;qmljs;jpg;png;gif;bmp;ico;amd;wav;mp3;mp4</Extensions>
    </Filter>
    <Filter Include="Config Files">
      <UniqueIdentifier>{e33cb553-b6b1-4476-be70-d8e153b33646}</UniqueIdentifier>
      <Extensions>pri;pro;mk;properties;project;cproject;xml;xsd;bat;cmd;ps;ps1</Extensions>
    </Filter>
    <Filter Include="Source Files">
      <UniqueIdentifier>{fd325f92-6295-4404-983f-0d94b3897786}</UniqueIdentifier>
      <Extensions>cpp;c;cc;cxx;asm;h;hpp;hxx;hm;def;inl;inc</Extensions>
    </Filter>
    <Filter Include="Translations">
      <UniqueIdentifier>{9d109e0f-efb1-4021-b7ce-d2690f2b910e}</UniqueIdentifier>
      <Extensions>ts;qm</Extensions>
    </Filter>
  </ItemGroup>
  <ItemGroup>
    <None Include="bar-descriptor.xml">
      <Filter>Config Files</Filter>
    </None>
    <None Include="config.pri">
      <Filter>Config Files</Filter>
    </None>
    <None Include="icon.png">
      <Filter>Assets</Filter>
    </None>
    <None Include="LICENSE" />
    <None Include="Makefile" />
    <None Include="readme.txt" />
    <None Include="xandosdroid.pro">
      <Filter>Config Files</Filter>
    </None>
    <None Include="translations\Makefile">
      <Filter>Translations</Filter>
    </None>
    <None Include="translations\xandosdroid.pro">
      <Filter>Translations</Filter>
    </None>
    <None Include="translations\xandosdroid.ts">
      <Filter>Translations</Filter>
    </None>
  </ItemGroup>
  <ItemGroup>
    <ClInclude Include="precompiled.h">
      <Filter>Source Files</Filter>
    </ClInclude>
    <ClInclude Include="src\applicationheadless.hpp">
      <Filter>Source Files</Filter>
    </ClInclude>
    <ClInclude Include="src\xandosdroid.hpp">
      <Filter>Source Files</Filter>
    </ClInclude>
  </ItemGroup>
  <ItemGroup>
    <ClCompile Include="src\applicationheadless.cpp">
      <Filter>Source Files</Filter>
    </ClCompile>
    <ClCompile Include="src\main.cpp">
      <Filter>Source Files</Filter>
    </ClCompile>
    <ClCompile Include="src\xandosdroid.cpp">
      <Filter>Source Files</Filter>
    </ClCompile>
  </ItemGroup>
</Project>