<?xml version="1.0" encoding="utf-8"?>
<Project ToolsVersion="4.0" xmlns="http://schemas.microsoft.com/developer/msbuild/2003">
  <ItemGroup>
    <Filter Include="Assets">
      <UniqueIdentifier>{4b00a7c2-9c0a-4ebc-8d04-ce79bd60307f}</UniqueIdentifier>
      <Extensions>qml;js;qmljs;jpg;png;gif;bmp;ico;amd;wav;mp3;mp4</Extensions>
    </Filter>
    <Filter Include="Config Files">
      <UniqueIdentifier>{22f05b5b-9bb1-4d2d-b398-17b5955b5268}</UniqueIdentifier>
      <Extensions>pri;pro;mk;properties;project;cproject;xml;xsd;bat;cmd;ps;ps1</Extensions>
    </Filter>
    <Filter Include="Source Files">
      <UniqueIdentifier>{429db7a6-0aab-4a27-bf15-49500e7f68ea}</UniqueIdentifier>
      <Extensions>cpp;c;cc;cxx;asm;h;hpp;hxx;hm;def;inl;inc</Extensions>
    </Filter>
    <Filter Include="Translations">
      <UniqueIdentifier>{ce9948a8-1dbe-4600-823a-a7d1bce5b281}</UniqueIdentifier>
      <Extensions>ts;qm</Extensions>
    </Filter>
    <Filter Include="Assets\9ppd">
      <UniqueIdentifier>{d8079a42-9b1a-4902-84ce-b499cf10bc40}</UniqueIdentifier>
    </Filter>
    <Filter Include="Assets\9ppd\images">
      <UniqueIdentifier>{e4f5f77f-b41c-44d7-82a3-76bab9215d21}</UniqueIdentifier>
    </Filter>
    <Filter Include="Assets\9ppd\images\info">
      <UniqueIdentifier>{04734e07-50bb-41c1-ba37-5a4697d2b7cf}</UniqueIdentifier>
    </Filter>
    <Filter Include="Assets\Cities">
      <UniqueIdentifier>{41c41908-64f8-484e-ba72-110559104432}</UniqueIdentifier>
    </Filter>
    <Filter Include="Assets\Common">
      <UniqueIdentifier>{a061aedc-05f5-418a-9236-5707c1f31208}</UniqueIdentifier>
    </Filter>
    <Filter Include="Assets\images">
      <UniqueIdentifier>{db71d4ce-966a-4527-98b0-7c81bf31a8f9}</UniqueIdentifier>
    </Filter>
    <Filter Include="Assets\images\icons">
      <UniqueIdentifier>{586c967c-d2d0-403a-b43e-517057402fb5}</UniqueIdentifier>
    </Filter>
    <Filter Include="Assets\images\icons\big">
      <UniqueIdentifier>{328ba40e-b53b-4532-a36a-552947ca6748}</UniqueIdentifier>
    </Filter>
    <Filter Include="Assets\images\icons\small">
      <UniqueIdentifier>{15ca64fe-8147-4986-9f5f-07e2a065b2c2}</UniqueIdentifier>
    </Filter>
    <Filter Include="Assets\images\info">
      <UniqueIdentifier>{4d91001e-a7a2-435e-a209-b4fea232edf3}</UniqueIdentifier>
    </Filter>
    <Filter Include="Assets\images\menuicons">
      <UniqueIdentifier>{83dadf5e-4399-4f43-bfe9-b1c3fade622d}</UniqueIdentifier>
    </Filter>
    <Filter Include="Assets\images\pulltorefresh">
      <UniqueIdentifier>{b392f9b3-e877-4db4-aade-7bdb64fe342d}</UniqueIdentifier>
    </Filter>
    <Filter Include="Assets\mindw76h128du">
      <UniqueIdentifier>{ba09ec96-76fe-49f3-949a-094ca12ce244}</UniqueIdentifier>
    </Filter>
    <Filter Include="Assets\models">
      <UniqueIdentifier>{e00a24f6-ae39-4699-973f-2e008409fbf7}</UniqueIdentifier>
    </Filter>
    <Filter Include="Assets\models\json">
      <UniqueIdentifier>{58f3f5de-d1ba-4bd8-9052-fd2cc3123e69}</UniqueIdentifier>
    </Filter>
    <Filter Include="Assets\models\sql">
      <UniqueIdentifier>{8e471870-361e-419f-9b76-8e829baa67c1}</UniqueIdentifier>
    </Filter>
    <Filter Include="Assets\WeatherPages">
      <UniqueIdentifier>{a9d8d885-4620-4006-a683-3a2117d3d864}</UniqueIdentifier>
    </Filter>
    <Filter Include="Assets\WeatherPages\Weather">
      <UniqueIdentifier>{ec9fae29-49e2-429b-ab6e-a0917484b784}</UniqueIdentifier>
    </Filter>
    <Filter Include="Source Files\common">
      <UniqueIdentifier>{6b8ad21e-2488-4fc8-b58a-7e2562588172}</UniqueIdentifier>
    </Filter>
    <Filter Include="Source Files\data">
      <UniqueIdentifier>{18a65961-feda-47bb-b552-bfed3257db95}</UniqueIdentifier>
    </Filter>
  </ItemGroup>
  <ItemGroup>
    <None Include="bar-descriptor.xml">
      <Filter>Config Files</Filter>
    </None>
    <None Include="config.pri">
      <Filter>Config Files</Filter>
    </None>
    <None Include="icon_114.png">
      <Filter>Assets</Filter>
    </None>
    <None Include="icon_94.png">
      <Filter>Assets</Filter>
    </None>
    <None Include="LICENSE" />
    <None Include="Makefile" />
    <None Include="readme.txt" />
    <None Include="splash.png">
      <Filter>Assets</Filter>
    </None>
    <None Include="splash_screen_1440x1440.png">
      <Filter>Assets</Filter>
    </None>
    <None Include="splash_screen_720.png">
      <Filter>Assets</Filter>
    </None>
    <None Include="splash_screen_720x1280.png">
      <Filter>Assets</Filter>
    </None>
    <None Include="weatherguesser.pro">
      <Filter>Config Files</Filter>
    </None>
    <None Include="assets\ContinentsTab.qml">
      <Filter>Assets</Filter>
    </None>
    <None Include="assets\FavoriteTab.qml">
      <Filter>Assets</Filter>
    </None>
    <None Include="assets\InfoTab.qml">
      <Filter>Assets</Filter>
    </None>
    <None Include="assets\main.qml">
      <Filter>Assets</Filter>
    </None>
    <None Include="assets\MaxMinTab.qml">
      <Filter>Assets</Filter>
    </None>
    <None Include="assets\MoreInfoPage.qml">
      <Filter>Assets</Filter>
    </None>
    <None Include="assets\9ppd\images\info\start_cloud.png">
      <Filter>Assets\9ppd\images\info</Filter>
    </None>
    <None Include="assets\Cities\CitiesPage.qml">
      <Filter>Assets\Cities</Filter>
    </None>
    <None Include="assets\Cities\CityHeader.qml">
      <Filter>Assets\Cities</Filter>
    </None>
    <None Include="assets\Cities\CityItem.qml">
      <Filter>Assets\Cities</Filter>
    </None>
    <None Include="assets\Cities\CityList.qml">
      <Filter>Assets\Cities</Filter>
    </None>
    <None Include="assets\Common\WeatherTitleBar.qml">
      <Filter>Assets\Common</Filter>
    </None>
    <None Include="assets\images\icons\big\0.png">
      <Filter>Assets\images\icons\big</Filter>
    </None>
    <None Include="assets\images\icons\big\0.png.amd">
      <Filter>Assets\images\icons\big</Filter>
    </None>
    <None Include="assets\images\icons\big\1.png">
      <Filter>Assets\images\icons\big</Filter>
    </None>
    <None Include="assets\images\icons\big\1.png.amd">
      <Filter>Assets\images\icons\big</Filter>
    </None>
    <None Include="assets\images\icons\big\2.png">
      <Filter>Assets\images\icons\big</Filter>
    </None>
    <None Include="assets\images\icons\big\2.png.amd">
      <Filter>Assets\images\icons\big</Filter>
    </None>
    <None Include="assets\images\icons\big\3.png">
      <Filter>Assets\images\icons\big</Filter>
    </None>
    <None Include="assets\images\icons\big\3.png.amd">
      <Filter>Assets\images\icons\big</Filter>
    </None>
    <None Include="assets\images\icons\big\4.png">
      <Filter>Assets\images\icons\big</Filter>
    </None>
    <None Include="assets\images\icons\big\4.png.amd">
      <Filter>Assets\images\icons\big</Filter>
    </None>
    <None Include="assets\images\icons\big\5.png">
      <Filter>Assets\images\icons\big</Filter>
    </None>
    <None Include="assets\images\icons\big\5.png.amd">
      <Filter>Assets\images\icons\big</Filter>
    </None>
    <None Include="assets\images\icons\small\0.png">
      <Filter>Assets\images\icons\small</Filter>
    </None>
    <None Include="assets\images\icons\small\0.png.amd">
      <Filter>Assets\images\icons\small</Filter>
    </None>
    <None Include="assets\images\icons\small\1.png">
      <Filter>Assets\images\icons\small</Filter>
    </None>
    <None Include="assets\images\icons\small\1.png.amd">
      <Filter>Assets\images\icons\small</Filter>
    </None>
    <None Include="assets\images\icons\small\2.png">
      <Filter>Assets\images\icons\small</Filter>
    </None>
    <None Include="assets\images\icons\small\2.png.amd">
      <Filter>Assets\images\icons\small</Filter>
    </None>
    <None Include="assets\images\icons\small\3.png">
      <Filter>Assets\images\icons\small</Filter>
    </None>
    <None Include="assets\images\icons\small\3.png.amd">
      <Filter>Assets\images\icons\small</Filter>
    </None>
    <None Include="assets\images\icons\small\4.png">
      <Filter>Assets\images\icons\small</Filter>
    </None>
    <None Include="assets\images\icons\small\4.png.amd">
      <Filter>Assets\images\icons\small</Filter>
    </None>
    <None Include="assets\images\icons\small\5.png">
      <Filter>Assets\images\icons\small</Filter>
    </None>
    <None Include="assets\images\icons\small\5.png.amd">
      <Filter>Assets\images\icons\small</Filter>
    </None>
    <None Include="assets\images\info\start_cloud.png">
      <Filter>Assets\images\info</Filter>
    </None>
    <None Include="assets\images\menuicons\icon_browse.png">
      <Filter>Assets\images\menuicons</Filter>
    </None>
    <None Include="assets\images\menuicons\icon_continents.png">
      <Filter>Assets\images\menuicons</Filter>
    </None>
    <None Include="assets\images\menuicons\icon_favorites.png">
      <Filter>Assets\images\menuicons</Filter>
    </None>
    <None Include="assets\images\menuicons\icon_home.png">
      <Filter>Assets\images\menuicons</Filter>
    </None>
    <None Include="assets\images\menuicons\icon_info.png">
      <Filter>Assets\images\menuicons</Filter>
    </None>
    <None Include="assets\images\menuicons\icon_maxmin.png">
      <Filter>Assets\images\menuicons</Filter>
    </None>
    <None Include="assets\images\pulltorefresh\arrow.png">
      <Filter>Assets\images\pulltorefresh</Filter>
    </None>
    <None Include="assets\mindw76h128du\InfoTab.qml">
      <Filter>Assets\mindw76h128du</Filter>
    </None>
    <None Include="assets\models\cities_europe_model.xml">
      <Filter>Assets\models</Filter>
    </None>
    <None Include="assets\models\cities_favorites_model.xml">
      <Filter>Assets\models</Filter>
    </None>
    <None Include="assets\models\continent_model.xml">
      <Filter>Assets\models</Filter>
    </None>
    <None Include="assets\models\max_model.xml">
      <Filter>Assets\models</Filter>
    </None>
    <None Include="assets\models\weather.xml">
      <Filter>Assets\models</Filter>
    </None>
    <None Include="assets\models\json\Alexandria.json">
      <Filter>Assets\models\json</Filter>
    </None>
    <None Include="assets\models\json\Athens.json">
      <Filter>Assets\models\json</Filter>
    </None>
    <None Include="assets\models\json\Bogota.json">
      <Filter>Assets\models\json</Filter>
    </None>
    <None Include="assets\models\json\Brisbane.json">
      <Filter>Assets\models\json</Filter>
    </None>
    <None Include="assets\models\json\Buenos Aires.json">
      <Filter>Assets\models\json</Filter>
    </None>
    <None Include="assets\models\json\Cairo.json">
      <Filter>Assets\models\json</Filter>
    </None>
    <None Include="assets\models\json\Canberra.json">
      <Filter>Assets\models\json</Filter>
    </None>
    <None Include="assets\models\json\Chicago.json">
      <Filter>Assets\models\json</Filter>
    </None>
    <None Include="assets\models\json\Copenhagen.json">
      <Filter>Assets\models\json</Filter>
    </None>
    <None Include="assets\models\json\Johannesburg.json">
      <Filter>Assets\models\json</Filter>
    </None>
    <None Include="assets\models\json\Khartoum.json">
      <Filter>Assets\models\json</Filter>
    </None>
    <None Include="assets\models\json\Kiew.json">
      <Filter>Assets\models\json</Filter>
    </None>
    <None Include="assets\models\json\Kinshasa.json">
      <Filter>Assets\models\json</Filter>
    </None>
    <None Include="assets\models\json\Lagos.json">
      <Filter>Assets\models\json</Filter>
    </None>
    <None Include="assets\models\json\London.json">
      <Filter>Assets\models\json</Filter>
    </None>
    <None Include="assets\models\json\Madrid.json">
      <Filter>Assets\models\json</Filter>
    </None>
    <None Include="assets\models\json\Malm%C3%B6.json">
      <Filter>Assets\models\json</Filter>
    </None>
    <None Include="assets\models\json\McMurdo Station.json">
      <Filter>Assets\models\json</Filter>
    </None>
    <None Include="assets\models\json\Melbourne.json">
      <Filter>Assets\models\json</Filter>
    </None>
    <None Include="assets\models\json\Mexico City.json">
      <Filter>Assets\models\json</Filter>
    </None>
    <None Include="assets\models\json\Miami.json">
      <Filter>Assets\models\json</Filter>
    </None>
    <None Include="assets\models\json\Montvideo.json">
      <Filter>Assets\models\json</Filter>
    </None>
    <None Include="assets\models\json\Moscow.json">
      <Filter>Assets\models\json</Filter>
    </None>
    <None Include="assets\models\json\New Delhi.json">
      <Filter>Assets\models\json</Filter>
    </None>
    <None Include="assets\models\json\New York.json">
      <Filter>Assets\models\json</Filter>
    </None>
    <None Include="assets\models\json\Paris.json">
      <Filter>Assets\models\json</Filter>
    </None>
    <None Include="assets\models\json\Quito.json">
      <Filter>Assets\models\json</Filter>
    </None>
    <None Include="assets\models\json\Rio De Janiero.json">
      <Filter>Assets\models\json</Filter>
    </None>
    <None Include="assets\models\json\Rome.json">
      <Filter>Assets\models\json</Filter>
    </None>
    <None Include="assets\models\json\San Francisco.json">
      <Filter>Assets\models\json</Filter>
    </None>
    <None Include="assets\models\json\Santiago.json">
      <Filter>Assets\models\json</Filter>
    </None>
    <None Include="assets\models\json\Seoul.json">
      <Filter>Assets\models\json</Filter>
    </None>
    <None Include="assets\models\json\Sydney.json">
      <Filter>Assets\models\json</Filter>
    </None>
    <None Include="assets\models\json\The City of Atlantis.json">
      <Filter>Assets\models\json</Filter>
    </None>
    <None Include="assets\models\json\Tijuana.json">
      <Filter>Assets\models\json</Filter>
    </None>
    <None Include="assets\models\json\Tokyo.json">
      <Filter>Assets\models\json</Filter>
    </None>
    <None Include="assets\models\json\Toronto.json">
      <Filter>Assets\models\json</Filter>
    </None>
    <None Include="assets\models\json\Waterloo.json">
      <Filter>Assets\models\json</Filter>
    </None>
    <None Include="assets\models\json\weather.json">
      <Filter>Assets\models\json</Filter>
    </None>
    <None Include="assets\models\sql\weatherguesser.db">
      <Filter>Assets\models\sql</Filter>
    </None>
    <None Include="assets\WeatherPages\CityWeatherPage.qml">
      <Filter>Assets\WeatherPages</Filter>
    </None>
    <None Include="assets\WeatherPages\HomeWeatherPage.qml">
      <Filter>Assets\WeatherPages</Filter>
    </None>
    <None Include="assets\WeatherPages\Weather\InlineActivityIndicator.qml">
      <Filter>Assets\WeatherPages\Weather</Filter>
    </None>
    <None Include="assets\WeatherPages\Weather\WeatherItem.qml">
      <Filter>Assets\WeatherPages\Weather</Filter>
    </None>
    <None Include="assets\WeatherPages\Weather\WeatherItemContainer.qml">
      <Filter>Assets\WeatherPages\Weather</Filter>
    </None>
    <None Include="assets\WeatherPages\Weather\WeatherLoadItem.qml">
      <Filter>Assets\WeatherPages\Weather</Filter>
    </None>
    <None Include="assets\WeatherPages\Weather\WeatherPage.qml">
      <Filter>Assets\WeatherPages\Weather</Filter>
    </None>
    <None Include="assets\WeatherPages\Weather\WeatherTodayItem.qml">
      <Filter>Assets\WeatherPages\Weather</Filter>
    </None>
    <None Include="translations\Makefile">
      <Filter>Translations</Filter>
    </None>
    <None Include="translations\weatherguesser.pro">
      <Filter>Translations</Filter>
    </None>
    <None Include="translations\weatherguesser.ts">
      <Filter>Translations</Filter>
    </None>
  </ItemGroup>
  <ItemGroup>
    <ClInclude Include="precompiled.h">
      <Filter>Source Files</Filter>
    </ClInclude>
    <ClInclude Include="src\appsettings.h">
      <Filter>Source Files</Filter>
    </ClInclude>
    <ClInclude Include="src\weatherguesserapp.h">
      <Filter>Source Files</Filter>
    </ClInclude>
    <ClInclude Include="src\common\loadmodeldecorator.h">
      <Filter>Source Files\common</Filter>
    </ClInclude>
    <ClInclude Include="src\common\pulltorefresh.h">
      <Filter>Source Files\common</Filter>
    </ClInclude>
    <ClInclude Include="src\common\sqlheaderdataqueryex.h">
      <Filter>Source Files\common</Filter>
    </ClInclude>
    <ClInclude Include="src\common\weathererror.h">
      <Filter>Source Files\common</Filter>
    </ClInclude>
    <ClInclude Include="src\data\citydatasource.h">
      <Filter>Source Files\data</Filter>
    </ClInclude>
    <ClInclude Include="src\data\globalconnection.h">
      <Filter>Source Files\data</Filter>
    </ClInclude>
    <ClInclude Include="src\data\weatherdatasource.h">
      <Filter>Source Files\data</Filter>
    </ClInclude>
  </ItemGroup>
  <ItemGroup>
    <ClCompile Include="src\appsettings.cpp">
      <Filter>Source Files</Filter>
    </ClCompile>
    <ClCompile Include="src\main.cpp">
      <Filter>Source Files</Filter>
    </ClCompile>
    <ClCompile Include="src\weatherguesserapp.cpp">
      <Filter>Source Files</Filter>
    </ClCompile>
    <ClCompile Include="src\common\loadmodeldecorator.cpp">
      <Filter>Source Files\common</Filter>
    </ClCompile>
    <ClCompile Include="src\common\pulltorefresh.cpp">
      <Filter>Source Files\common</Filter>
    </ClCompile>
    <ClCompile Include="src\common\sqlheaderdataqueryex.cpp">
      <Filter>Source Files\common</Filter>
    </ClCompile>
    <ClCompile Include="src\common\weathererror.cpp">
      <Filter>Source Files\common</Filter>
    </ClCompile>
    <ClCompile Include="src\data\citydatasource.cpp">
      <Filter>Source Files\data</Filter>
    </ClCompile>
    <ClCompile Include="src\data\globalconnection.cpp">
      <Filter>Source Files\data</Filter>
    </ClCompile>
    <ClCompile Include="src\data\weatherdatasource.cpp">
      <Filter>Source Files\data</Filter>
    </ClCompile>
  </ItemGroup>
</Project>