
Microsoft Visual Studio Solution File, Format Version 12.00
# Visual Studio 2013
VisualStudioVersion = 12.0.31101.0
MinimumVisualStudioVersion = 10.0.40219.1
Project("{8BC9CEB8-8B4A-11D0-8D11-00A0C91BC942}") = "PushCollectorCommon", "pushCollectorCommon\PushCollectorCommon.vcxproj", "{E626CE7B-561F-41A4-9FDE-0222B9DC1065}"
EndProject
Project("{8BC9CEB8-8B4A-11D0-8D11-00A0C91BC942}") = "PushCollectorHeadless", "pushCollectorHeadless\PushCollectorHeadless.vcxproj", "{6B2B0183-0604-43DF-85F7-39C7F32C23FB}"
EndProject
Project("{8BC9CEB8-8B4A-11D0-8D11-00A0C91BC942}") = "PushCollectorUI", "pushCollectorUI\PushCollectorUI.vcxproj", "{8CFA3303-C6D5-4B7F-BFAE-3238FE637E96}"
EndProject
Global
	GlobalSection(SolutionConfigurationPlatforms) = preSolution
		Debug|BlackBerry = Debug|BlackBerry
		Release|BlackBerry = Release|BlackBerry
	EndGlobalSection
	GlobalSection(ProjectConfigurationPlatforms) = postSolution
		{E626CE7B-561F-41A4-9FDE-0222B9DC1065}.Debug|BlackBerry.ActiveCfg = Debug|BlackBerry
		{E626CE7B-561F-41A4-9FDE-0222B9DC1065}.Debug|BlackBerry.Build.0 = Debug|BlackBerry
		{E626CE7B-561F-41A4-9FDE-0222B9DC1065}.Debug|BlackBerry.Deploy.0 = Debug|BlackBerry
		{E626CE7B-561F-41A4-9FDE-0222B9DC1065}.Release|BlackBerry.ActiveCfg = Release|BlackBerry
		{E626CE7B-561F-41A4-9FDE-0222B9DC1065}.Release|BlackBerry.Build.0 = Release|BlackBerry
		{E626CE7B-561F-41A4-9FDE-0222B9DC1065}.Release|BlackBerry.Deploy.0 = Release|BlackBerry
		{6B2B0183-0604-43DF-85F7-39C7F32C23FB}.Debug|BlackBerry.ActiveCfg = Debug|BlackBerry
		{6B2B0183-0604-43DF-85F7-39C7F32C23FB}.Debug|BlackBerry.Build.0 = Debug|BlackBerry
		{6B2B0183-0604-43DF-85F7-39C7F32C23FB}.Debug|BlackBerry.Deploy.0 = Debug|BlackBerry
		{6B2B0183-0604-43DF-85F7-39C7F32C23FB}.Release|BlackBerry.ActiveCfg = Release|BlackBerry
		{6B2B0183-0604-43DF-85F7-39C7F32C23FB}.Release|BlackBerry.Build.0 = Release|BlackBerry
		{6B2B0183-0604-43DF-85F7-39C7F32C23FB}.Release|BlackBerry.Deploy.0 = Release|BlackBerry
		{8CFA3303-C6D5-4B7F-BFAE-3238FE637E96}.Debug|BlackBerry.ActiveCfg = Debug|BlackBerry
		{8CFA3303-C6D5-4B7F-BFAE-3238FE637E96}.Debug|BlackBerry.Build.0 = Debug|BlackBerry
		{8CFA3303-C6D5-4B7F-BFAE-3238FE637E96}.Debug|BlackBerry.Deploy.0 = Debug|BlackBerry
		{8CFA3303-C6D5-4B7F-BFAE-3238FE637E96}.Release|BlackBerry.ActiveCfg = Release|BlackBerry
		{8CFA3303-C6D5-4B7F-BFAE-3238FE637E96}.Release|BlackBerry.Build.0 = Release|BlackBerry
		{8CFA3303-C6D5-4B7F-BFAE-3238FE637E96}.Release|BlackBerry.Deploy.0 = Release|BlackBerry
	EndGlobalSection
	GlobalSection(SolutionProperties) = preSolution
		HideSolutionNode = FALSE
	EndGlobalSection
EndGlobal
