<?xml version="1.0" encoding="utf-8"?>
<Project ToolsVersion="4.0" xmlns="http://schemas.microsoft.com/developer/msbuild/2003">
  <ItemGroup>
    <Filter Include="Assets">
      <UniqueIdentifier>{726723c3-33f0-4680-83b2-cb0d1838a11e}</UniqueIdentifier>
      <Extensions>qml;js;qmljs;jpg;png;gif;bmp;ico;amd;wav;mp3;mp4</Extensions>
    </Filter>
    <Filter Include="Config Files">
      <UniqueIdentifier>{1ab6c4f7-4cfc-4d72-b825-dcbb36bd5857}</UniqueIdentifier>
      <Extensions>pri;pro;mk;properties;project;cproject;xml;xsd;bat;cmd;ps;ps1</Extensions>
    </Filter>
    <Filter Include="Source Files">
      <UniqueIdentifier>{f938d19c-390f-4a8b-b2b5-58044b97e432}</UniqueIdentifier>
      <Extensions>cpp;c;cc;cxx;asm;h;hpp;hxx;hm;def;inl;inc</Extensions>
    </Filter>
    <Filter Include="Translations">
      <UniqueIdentifier>{ec5cb0c0-d91d-49e6-8cc4-02f882078b88}</UniqueIdentifier>
      <Extensions>ts;qm</Extensions>
    </Filter>
    <Filter Include="Assets\720x720">
      <UniqueIdentifier>{e1f39247-37d6-4ba2-bd3e-2be4ec11b8f6}</UniqueIdentifier>
    </Filter>
    <Filter Include="Assets\images">
      <UniqueIdentifier>{fc56dffd-9ad7-4032-ac63-2c2c8eeebdcc}</UniqueIdentifier>
    </Filter>
  </ItemGroup>
  <ItemGroup>
    <None Include="bar-descriptor.xml">
      <Filter>Config Files</Filter>
    </None>
    <None Include="bbmprofile.pro">
      <Filter>Config Files</Filter>
    </None>
    <None Include="config.pri">
      <Filter>Config Files</Filter>
    </None>
    <None Include="device-assets.xml">
      <Filter>Config Files</Filter>
    </None>
    <None Include="icon.png">
      <Filter>Assets</Filter>
    </None>
    <None Include="LICENSE" />
    <None Include="Makefile" />
    <None Include="readme.txt" />
    <None Include="assets\BbmProfileScrollView.qml">
      <Filter>Assets</Filter>
    </None>
    <None Include="assets\Field.qml">
      <Filter>Assets</Filter>
    </None>
    <None Include="assets\profile.qml">
      <Filter>Assets</Filter>
    </None>
    <None Include="assets\registration.qml">
      <Filter>Assets</Filter>
    </None>
    <None Include="assets\UpdateProfile.qml">
      <Filter>Assets</Filter>
    </None>
    <None Include="assets\720x720\BbmProfileScrollView.qml">
      <Filter>Assets\720x720</Filter>
    </None>
    <None Include="assets\images\avatarPlaceholder.png">
      <Filter>Assets\images</Filter>
    </None>
    <None Include="assets\images\background.png">
      <Filter>Assets\images</Filter>
    </None>
    <None Include="assets\images\background_blurred.png">
      <Filter>Assets\images</Filter>
    </None>
    <None Include="assets\images\busy.png">
      <Filter>Assets\images</Filter>
    </None>
    <None Include="translations\bbmprofile.pro">
      <Filter>Translations</Filter>
    </None>
    <None Include="translations\bbmprofile.ts">
      <Filter>Translations</Filter>
    </None>
    <None Include="translations\Makefile">
      <Filter>Translations</Filter>
    </None>
  </ItemGroup>
  <ItemGroup>
    <ClCompile Include="src\applicationui.cpp">
      <Filter>Source Files</Filter>
    </ClCompile>
    <ClCompile Include="src\main.cpp">
      <Filter>Source Files</Filter>
    </ClCompile>
    <ClCompile Include="src\Profile.cpp">
      <Filter>Source Files</Filter>
    </ClCompile>
    <ClCompile Include="src\ProfileEditor.cpp">
      <Filter>Source Files</Filter>
    </ClCompile>
    <ClCompile Include="src\RegistrationHandler.cpp">
      <Filter>Source Files</Filter>
    </ClCompile>
  </ItemGroup>
  <ItemGroup>
    <ClInclude Include="src\applicationui.hpp">
      <Filter>Source Files</Filter>
    </ClInclude>
    <ClInclude Include="src\Profile.hpp">
      <Filter>Source Files</Filter>
    </ClInclude>
    <ClInclude Include="src\ProfileEditor.hpp">
      <Filter>Source Files</Filter>
    </ClInclude>
    <ClInclude Include="src\RegistrationHandler.hpp">
      <Filter>Source Files</Filter>
    </ClInclude>
  </ItemGroup>
</Project>