<?xml version="1.0" encoding="utf-8"?>
<Project ToolsVersion="4.0" xmlns="http://schemas.microsoft.com/developer/msbuild/2003">
  <ItemGroup>
    <Filter Include="Assets">
      <UniqueIdentifier>{245ecbbe-8ab5-4a2c-b0cc-62654e53e437}</UniqueIdentifier>
      <Extensions>qml;js;qmljs;jpg;png;gif;bmp;ico;amd;wav;mp3;mp4</Extensions>
    </Filter>
    <Filter Include="Config Files">
      <UniqueIdentifier>{26a9b23d-73e4-445e-991c-07fccb8c09d1}</UniqueIdentifier>
      <Extensions>pri;pro;mk;properties;project;cproject;xml;xsd;bat;cmd;ps;ps1</Extensions>
    </Filter>
    <Filter Include="Source Files">
      <UniqueIdentifier>{362fe348-7ad2-4e58-81f8-bea1bd05fabd}</UniqueIdentifier>
      <Extensions>cpp;c;cc;cxx;asm;h;hpp;hxx;hm;def;inl;inc</Extensions>
    </Filter>
    <Filter Include="Translations">
      <UniqueIdentifier>{9cc96206-0dd5-4841-bd5c-e53f5de81652}</UniqueIdentifier>
      <Extensions>ts;qm</Extensions>
    </Filter>
    <Filter Include="Assets\images">
      <UniqueIdentifier>{0b7622db-5d36-4780-b556-273eeea69402}</UniqueIdentifier>
    </Filter>
    <Filter Include="Assets\models">
      <UniqueIdentifier>{80d99e5f-1f30-41ca-9039-cc4d137eb522}</UniqueIdentifier>
    </Filter>
  </ItemGroup>
  <ItemGroup>
    <None Include="assets\ContentPage.qml">
      <Filter>Assets</Filter>
    </None>
    <None Include="assets\images\BlueNoseBig.png">
      <Filter>Assets\images</Filter>
    </None>
    <None Include="assets\images\BlueNoseThumb.png">
      <Filter>Assets\images</Filter>
    </None>
    <None Include="assets\images\BritishPossessionsBig.png">
      <Filter>Assets\images</Filter>
    </None>
    <None Include="assets\images\BritishPossessionsThumb.png">
      <Filter>Assets\images</Filter>
    </None>
    <None Include="assets\images\ColumbusBig.png">
      <Filter>Assets\images</Filter>
    </None>
    <None Include="assets\images\ColumbusThumb.png">
      <Filter>Assets\images</Filter>
    </None>
    <None Include="assets\images\GoddardBig.png">
      <Filter>Assets\images</Filter>
    </None>
    <None Include="assets\images\GoddardThumb.png">
      <Filter>Assets\images</Filter>
    </None>
    <None Include="assets\images\InvertedJennyBig.png">
      <Filter>Assets\images</Filter>
    </None>
    <None Include="assets\images\InvertedJennyThumb.png">
      <Filter>Assets\images</Filter>
    </None>
    <None Include="assets\images\KaiserThumb.png">
      <Filter>Assets\images</Filter>
    </None>
    <None Include="assets\images\KaiserYachtBig.png">
      <Filter>Assets\images</Filter>
    </None>
    <None Include="assets\images\ProjectMercuryBig.png">
      <Filter>Assets\images</Filter>
    </None>
    <None Include="assets\images\ProjectMercuryThumb.png">
      <Filter>Assets\images</Filter>
    </None>
    <None Include="assets\images\SchumannBig.png">
      <Filter>Assets\images</Filter>
    </None>
    <None Include="assets\images\SchumannThumb.png">
      <Filter>Assets\images</Filter>
    </None>
    <None Include="assets\images\Scribble_light_256x256.amd">
      <Filter>Assets\images</Filter>
    </None>
    <None Include="assets\images\Scribble_light_256x256.png">
      <Filter>Assets\images</Filter>
    </None>
    <None Include="assets\images\VikingsBig.png">
      <Filter>Assets\images</Filter>
    </None>
    <None Include="assets\images\VikingsThumb.png">
      <Filter>Assets\images</Filter>
    </None>
    <None Include="assets\images\ZeppelinBig.png">
      <Filter>Assets\images</Filter>
    </None>
    <None Include="assets\images\ZeppelinThumb.png">
      <Filter>Assets\images</Filter>
    </None>
    <None Include="assets\main.qml">
      <Filter>Assets</Filter>
    </None>
    <None Include="assets\models\stamps.xml">
      <Filter>Assets\models</Filter>
    </None>
    <None Include="assets\StampItem.qml">
      <Filter>Assets</Filter>
    </None>
    <None Include="assets\stamps.json">
      <Filter>Assets</Filter>
    </None>
    <None Include="bar-descriptor.xml">
      <Filter>Config Files</Filter>
    </None>
  </ItemGroup>
  <ItemGroup>
    <ClCompile Include="src\main.cpp">
      <Filter>Source Files</Filter>
    </ClCompile>
    <ClCompile Include="src\stampcollectorapp.cpp">
      <Filter>Source Files</Filter>
    </ClCompile>
  </ItemGroup>
  <ItemGroup>
    <ClInclude Include="src\stampcollectorapp.h">
      <Filter>Source Files</Filter>
    </ClInclude>
  </ItemGroup>
</Project>