<?xml version="1.0" encoding="utf-8"?>
<Project ToolsVersion="4.0" xmlns="http://schemas.microsoft.com/developer/msbuild/2003">
  <ItemGroup>
    <Filter Include="Assets">
      <UniqueIdentifier>{4ba6ad40-53dc-4f33-8166-154b63ae9b64}</UniqueIdentifier>
      <Extensions>qml;js;qmljs;jpg;png;gif;bmp;ico;amd;wav;mp3;mp4</Extensions>
    </Filter>
    <Filter Include="Config Files">
      <UniqueIdentifier>{0f1a9f61-d8e1-427f-a07f-2cc3044967a7}</UniqueIdentifier>
      <Extensions>pri;pro;mk;properties;project;cproject;xml;xsd;bat;cmd;ps;ps1</Extensions>
    </Filter>
    <Filter Include="Source Files">
      <UniqueIdentifier>{f9159fe7-6cea-4be5-889b-026b4d608b80}</UniqueIdentifier>
      <Extensions>cpp;c;cc;cxx;asm;h;hpp;hxx;hm;def;inl;inc</Extensions>
    </Filter>
    <Filter Include="Translations">
      <UniqueIdentifier>{680d2bd9-309f-4e23-8ede-91f73fe69d71}</UniqueIdentifier>
      <Extensions>ts;qm</Extensions>
    </Filter>
    <Filter Include="Assets\images">
      <UniqueIdentifier>{5ade928a-c104-4eff-af65-25d73c5589fe}</UniqueIdentifier>
    </Filter>
  </ItemGroup>
  <ItemGroup>
    <None Include="bar-descriptor.xml">
      <Filter>Config Files</Filter>
    </None>
    <None Include="config.pri">
      <Filter>Config Files</Filter>
    </None>
    <None Include="device-assets.xml">
      <Filter>Config Files</Filter>
    </None>
    <None Include="icon.png">
      <Filter>Assets</Filter>
    </None>
    <None Include="LICENSE" />
    <None Include="Makefile" />
    <None Include="pageddatamodel.pro">
      <Filter>Config Files</Filter>
    </None>
    <None Include="README.md" />
    <None Include="readme.txt" />
    <None Include="assets\CustomItem.qml">
      <Filter>Assets</Filter>
    </None>
    <None Include="assets\main.qml">
      <Filter>Assets</Filter>
    </None>
    <None Include="assets\images\item_normal.png">
      <Filter>Assets\images</Filter>
    </None>
    <None Include="assets\images\item_selected.png">
      <Filter>Assets\images</Filter>
    </None>
    <None Include="translations\Makefile">
      <Filter>Translations</Filter>
    </None>
    <None Include="translations\pageddatamodel.pro">
      <Filter>Translations</Filter>
    </None>
    <None Include="translations\pageddatamodel.ts">
      <Filter>Translations</Filter>
    </None>
  </ItemGroup>
  <ItemGroup>
    <ClCompile Include="src\applicationui.cpp">
      <Filter>Source Files</Filter>
    </ClCompile>
    <ClCompile Include="src\main.cpp">
      <Filter>Source Files</Filter>
    </ClCompile>
    <ClCompile Include="src\pageddatamodel.cpp">
      <Filter>Source Files</Filter>
    </ClCompile>
  </ItemGroup>
  <ItemGroup>
    <ClInclude Include="src\applicationui.hpp">
      <Filter>Source Files</Filter>
    </ClInclude>
    <ClInclude Include="src\pageddatamodel.hpp">
      <Filter>Source Files</Filter>
    </ClInclude>
  </ItemGroup>
</Project>